
Microsoft Visual Studio Solution File, Format Version 12.00
# Visual Studio Version 17
VisualStudioVersion = 17.5.002.0
MinimumVisualStudioVersion = 10.0.40219.1
Project("{9A19103F-16F7-4668-BE54-9A1E7A4F7556}") = "First_Project", "First_Project\First_Project.csproj", "{FF4EEDF6-BB01-454A-8613-8587C6050E25}"
EndProject
Project("{FAE04EC0-301F-11D3-BF4B-00C04F79EFBC}") = "Second_Project", "Second_Project\Second_Project.csproj", "{5CA2EC86-26C2-4813-8932-106BE2D14FB0}"
EndProject
Project("{2150E333-8FDC-42A3-9474-1A3956D46DE8}") = "Day 1", "Day 1", "{2FD70B48-0669-4D25-9F5C-AED2230CB316}"
EndProject
Project("{FAE04EC0-301F-11D3-BF4B-00C04F79EFBC}") = "Cat", "Cat\Cat.csproj", "{87FBD158-712D-4655-B014-9B8978A815C5}"
EndProject
Project("{FAE04EC0-301F-11D3-BF4B-00C04F79EFBC}") = "ClassStructure", "ClassStructure\ClassStructure.csproj", "{4B030971-C04C-4D9D-9BC5-1F6BF59E1ECC}"
EndProject
Project("{FAE04EC0-301F-11D3-BF4B-00C04F79EFBC}") = "Calculator", "Calculator\Calculator.csproj", "{5EA268C1-EF5E-4522-8CCF-652D33E2A04F}"
EndProject
Project("{2150E333-8FDC-42A3-9474-1A3956D46DE8}") = "Day 2", "Day 2", "{88EEEC71-7E47-4CE4-81C0-CF087CEA5490}"
EndProject
Project("{FAE04EC0-301F-11D3-BF4B-00C04F79EFBC}") = "ConstructureClass", "ConstructureClass\ConstructureClass.csproj", "{3AD0E325-84E7-43B9-B634-55951E536EF0}"
EndProject
Project("{FAE04EC0-301F-11D3-BF4B-00C04F79EFBC}") = "Compocition", "Compocition\Compocition.csproj", "{68656B6C-96D1-4E02-A091-D668C7E7827D}"
EndProject
Project("{FAE04EC0-301F-11D3-BF4B-00C04F79EFBC}") = "Compicition_part2", "Compicition_part2\Compicition_part2.csproj", "{BA24C848-A9CF-473F-BBCF-93B6836C7195}"
EndProject
Project("{FAE04EC0-301F-11D3-BF4B-00C04F79EFBC}") = "Inheritance", "Inheritance\Inheritance.csproj", "{D757FE95-140D-48B3-B88B-0FD35EFFD442}"
EndProject
Project("{2150E333-8FDC-42A3-9474-1A3956D46DE8}") = "Day 3", "Day 3", "{DDCC5FA9-1376-448C-8A54-98949C77674E}"
EndProject
Project("{FAE04EC0-301F-11D3-BF4B-00C04F79EFBC}") = "InheritanceCompocition", "InheritanceCompocition\InheritanceCompocition.csproj", "{A4C20001-CC68-45DA-AC34-D9197B2993FE}"
EndProject
Project("{FAE04EC0-301F-11D3-BF4B-00C04F79EFBC}") = "Pholymorpsm", "Pholymorpsm\Pholymorpsm.csproj", "{E12A4958-831D-4ED1-83ED-B442FAF828DF}"
EndProject
Project("{FAE04EC0-301F-11D3-BF4B-00C04F79EFBC}") = "Encapsulation", "Encapsulation\Encapsulation.csproj", "{CE5E72DC-CB1B-4A92-8F83-90C4F70A8D11}"
EndProject
Project("{FAE04EC0-301F-11D3-BF4B-00C04F79EFBC}") = "Internal_Referensi", "Internal_Referensi\Internal_Referensi.csproj", "{957D8BEE-8400-4643-844E-A6AA86088A45}"
EndProject
Project("{FAE04EC0-301F-11D3-BF4B-00C04F79EFBC}") = "Main_Program", "Main_Program\Main_Program.csproj", "{6FABA09F-3645-4A73-810B-13B6D607ECFF}"
EndProject
Project("{FAE04EC0-301F-11D3-BF4B-00C04F79EFBC}") = "Overriding", "Overriding\Overriding.csproj", "{B5CD4F5B-1990-4FE4-8AB5-D79315CE70FD}"
EndProject
Project("{FAE04EC0-301F-11D3-BF4B-00C04F79EFBC}") = "MethodHiding", "MethodHiding\MethodHiding.csproj", "{41FDA794-185B-4164-9407-EC9F5A1C64C4}"
EndProject
Project("{FAE04EC0-301F-11D3-BF4B-00C04F79EFBC}") = "Overloading", "Overloading\Overloading.csproj", "{900B8E91-41D1-4D06-962F-AE81D5F54B12}"
EndProject
Project("{2150E333-8FDC-42A3-9474-1A3956D46DE8}") = "Day 4", "Day 4", "{246B5CE8-5FE3-43FD-9D2C-C4FEF828F3ED}"
EndProject
Project("{FAE04EC0-301F-11D3-BF4B-00C04F79EFBC}") = "ReferenceType", "ReferenceType\ReferenceType.csproj", "{D134C2BE-F2AB-4CD8-89C8-6A957F4ACC17}"
EndProject
Project("{FAE04EC0-301F-11D3-BF4B-00C04F79EFBC}") = "ValueType", "ValueType\ValueType.csproj", "{053B8A3F-407E-44DB-84D0-BDFA1FE6A738}"
EndProject
Project("{2150E333-8FDC-42A3-9474-1A3956D46DE8}") = "Day 5", "Day 5", "{C7879C58-F68D-4E97-9D3D-026D5EEBDDFB}"
EndProject
Project("{FAE04EC0-301F-11D3-BF4B-00C04F79EFBC}") = "Abstraction", "Abstraction\Abstraction.csproj", "{9ACD8F92-A58B-4200-BB20-29A910BC0CDF}"
EndProject
Project("{FAE04EC0-301F-11D3-BF4B-00C04F79EFBC}") = "Interface", "Interface\Interface.csproj", "{AAF0B55B-610F-4CD2-B1A5-87065453AE69}"
EndProject
Project("{2150E333-8FDC-42A3-9474-1A3956D46DE8}") = "Day 6", "Day 6", "{C6206503-0AFB-4C64-AD6C-A0E444D9D3F8}"
EndProject
Project("{FAE04EC0-301F-11D3-BF4B-00C04F79EFBC}") = "Properties", "Properties\Properties.csproj", "{AA943E16-A545-4E9F-8CA8-FB676358587D}"
EndProject
Project("{FAE04EC0-301F-11D3-BF4B-00C04F79EFBC}") = "Property_Auto", "Property_Auto\Property_Auto.csproj", "{388C8F63-3B13-408D-B40D-439DC1A3F145}"
EndProject
Project("{FAE04EC0-301F-11D3-BF4B-00C04F79EFBC}") = "C_Casting", "C_Casting\C_Casting.csproj", "{6D726E96-6E23-41FA-B2C9-36C02A2CB580}"
EndProject
Project("{FAE04EC0-301F-11D3-BF4B-00C04F79EFBC}") = "Static", "Static\Static.csproj", "{E7C8719F-C64B-4DFE-8F6C-C3FE3ED5697B}"
EndProject
Project("{FAE04EC0-301F-11D3-BF4B-00C04F79EFBC}") = "StringBuilder", "StringBuilder\StringBuilder.csproj", "{1B19EFA0-47BB-4158-B872-AAD24B7CAA8E}"
EndProject
Project("{FAE04EC0-301F-11D3-BF4B-00C04F79EFBC}") = "Object", "Object\Object.csproj", "{44254B95-F44E-40F7-A46B-341A259FC143}"
EndProject
Project("{FAE04EC0-301F-11D3-BF4B-00C04F79EFBC}") = "TypeChecker_object", "TypeChecker_object\TypeChecker_object.csproj", "{4482DB4A-A24B-4947-BFCB-67A63AE6D7F3}"
EndProject
Project("{FAE04EC0-301F-11D3-BF4B-00C04F79EFBC}") = "Dynimic", "Dynimic\Dynimic.csproj", "{AC3014DD-ED61-4F6A-ABAE-754D3CAD36D9}"
EndProject
Project("{FAE04EC0-301F-11D3-BF4B-00C04F79EFBC}") = "ref_in_out", "ref_in_out\ref_in_out.csproj", "{C4C08C2F-E6E0-49AF-A87B-F0634C6D5241}"
EndProject
Project("{FAE04EC0-301F-11D3-BF4B-00C04F79EFBC}") = "Foobar", "Foobar\Foobar.csproj", "{C03796D4-A0FF-4779-99E9-7E4C4612F3CF}"
EndProject
Project("{FAE04EC0-301F-11D3-BF4B-00C04F79EFBC}") = "V_Value_Reference", "V_Value_Reference\V_Value_Reference.csproj", "{A6C1642B-02B9-4356-9B6E-E85FD4081CE7}"
EndProject
Project("{FAE04EC0-301F-11D3-BF4B-00C04F79EFBC}") = "Generic", "Generic\Generic.csproj", "{A03BAA63-72AD-40F6-B767-84191517A91C}"
EndProject
Project("{FAE04EC0-301F-11D3-BF4B-00C04F79EFBC}") = "CalGen", "CalGen\CalGen.csproj", "{CA31CF64-EF26-4D1A-AE0A-498B95376A99}"
EndProject
Project("{FAE04EC0-301F-11D3-BF4B-00C04F79EFBC}") = "CalGenClass", "CalGenClass\CalGenClass.csproj", "{FF4BDD9B-FF40-433D-A8D5-2D58F0BFF8F8}"
EndProject
Project("{FAE04EC0-301F-11D3-BF4B-00C04F79EFBC}") = "OperatorOverloading", "OperatorOverloading\OperatorOverloading.csproj", "{5F579A0D-C36C-4109-9BA8-0695D621C53C}"
EndProject
Project("{FAE04EC0-301F-11D3-BF4B-00C04F79EFBC}") = "GenericAndOperator", "GenericAndOperator\GenericAndOperator.csproj", "{6BE5E299-FA44-4CB6-BC15-0728F3E422FC}"
EndProject
Project("{FAE04EC0-301F-11D3-BF4B-00C04F79EFBC}") = "Non-Delegate", "Non-Delegate\Non-Delegate.csproj", "{C173FED1-4614-4501-9882-138E7AB19476}"
EndProject
Project("{FAE04EC0-301F-11D3-BF4B-00C04F79EFBC}") = "Delegate", "Delegate\Delegate.csproj", "{3D837E70-D438-4D2F-B757-D3C3E4CFCB1A}"
EndProject
Project("{FAE04EC0-301F-11D3-BF4B-00C04F79EFBC}") = "Multicast_Delegate", "Multicast_Delegate\Multicast_Delegate.csproj", "{F64E19BB-72FF-463F-827B-D5BEBA5CFFE4}"
EndProject
Project("{FAE04EC0-301F-11D3-BF4B-00C04F79EFBC}") = "Delegate _NullOperation", "Delegate _NullOperation\Delegate _NullOperation.csproj", "{1E15F87D-77CF-4AAD-AA03-8C29D8F7E0DD}"
EndProject
Global
	GlobalSection(SolutionConfigurationPlatforms) = preSolution
		Debug|Any CPU = Debug|Any CPU
		Release|Any CPU = Release|Any CPU
	EndGlobalSection
	GlobalSection(ProjectConfigurationPlatforms) = postSolution
		{FF4EEDF6-BB01-454A-8613-8587C6050E25}.Debug|Any CPU.ActiveCfg = Debug|Any CPU
		{FF4EEDF6-BB01-454A-8613-8587C6050E25}.Debug|Any CPU.Build.0 = Debug|Any CPU
		{FF4EEDF6-BB01-454A-8613-8587C6050E25}.Release|Any CPU.ActiveCfg = Release|Any CPU
		{FF4EEDF6-BB01-454A-8613-8587C6050E25}.Release|Any CPU.Build.0 = Release|Any CPU
		{5CA2EC86-26C2-4813-8932-106BE2D14FB0}.Debug|Any CPU.ActiveCfg = Debug|Any CPU
		{5CA2EC86-26C2-4813-8932-106BE2D14FB0}.Debug|Any CPU.Build.0 = Debug|Any CPU
		{5CA2EC86-26C2-4813-8932-106BE2D14FB0}.Release|Any CPU.ActiveCfg = Release|Any CPU
		{5CA2EC86-26C2-4813-8932-106BE2D14FB0}.Release|Any CPU.Build.0 = Release|Any CPU
		{87FBD158-712D-4655-B014-9B8978A815C5}.Debug|Any CPU.ActiveCfg = Debug|Any CPU
		{87FBD158-712D-4655-B014-9B8978A815C5}.Debug|Any CPU.Build.0 = Debug|Any CPU
		{87FBD158-712D-4655-B014-9B8978A815C5}.Release|Any CPU.ActiveCfg = Release|Any CPU
		{87FBD158-712D-4655-B014-9B8978A815C5}.Release|Any CPU.Build.0 = Release|Any CPU
		{4B030971-C04C-4D9D-9BC5-1F6BF59E1ECC}.Debug|Any CPU.ActiveCfg = Debug|Any CPU
		{4B030971-C04C-4D9D-9BC5-1F6BF59E1ECC}.Debug|Any CPU.Build.0 = Debug|Any CPU
		{4B030971-C04C-4D9D-9BC5-1F6BF59E1ECC}.Release|Any CPU.ActiveCfg = Release|Any CPU
		{4B030971-C04C-4D9D-9BC5-1F6BF59E1ECC}.Release|Any CPU.Build.0 = Release|Any CPU
		{5EA268C1-EF5E-4522-8CCF-652D33E2A04F}.Debug|Any CPU.ActiveCfg = Debug|Any CPU
		{5EA268C1-EF5E-4522-8CCF-652D33E2A04F}.Debug|Any CPU.Build.0 = Debug|Any CPU
		{5EA268C1-EF5E-4522-8CCF-652D33E2A04F}.Release|Any CPU.ActiveCfg = Release|Any CPU
		{5EA268C1-EF5E-4522-8CCF-652D33E2A04F}.Release|Any CPU.Build.0 = Release|Any CPU
		{3AD0E325-84E7-43B9-B634-55951E536EF0}.Debug|Any CPU.ActiveCfg = Debug|Any CPU
		{3AD0E325-84E7-43B9-B634-55951E536EF0}.Debug|Any CPU.Build.0 = Debug|Any CPU
		{3AD0E325-84E7-43B9-B634-55951E536EF0}.Release|Any CPU.ActiveCfg = Release|Any CPU
		{3AD0E325-84E7-43B9-B634-55951E536EF0}.Release|Any CPU.Build.0 = Release|Any CPU
		{68656B6C-96D1-4E02-A091-D668C7E7827D}.Debug|Any CPU.ActiveCfg = Debug|Any CPU
		{68656B6C-96D1-4E02-A091-D668C7E7827D}.Debug|Any CPU.Build.0 = Debug|Any CPU
		{68656B6C-96D1-4E02-A091-D668C7E7827D}.Release|Any CPU.ActiveCfg = Release|Any CPU
		{68656B6C-96D1-4E02-A091-D668C7E7827D}.Release|Any CPU.Build.0 = Release|Any CPU
		{BA24C848-A9CF-473F-BBCF-93B6836C7195}.Debug|Any CPU.ActiveCfg = Debug|Any CPU
		{BA24C848-A9CF-473F-BBCF-93B6836C7195}.Debug|Any CPU.Build.0 = Debug|Any CPU
		{BA24C848-A9CF-473F-BBCF-93B6836C7195}.Release|Any CPU.ActiveCfg = Release|Any CPU
		{BA24C848-A9CF-473F-BBCF-93B6836C7195}.Release|Any CPU.Build.0 = Release|Any CPU
		{D757FE95-140D-48B3-B88B-0FD35EFFD442}.Debug|Any CPU.ActiveCfg = Debug|Any CPU
		{D757FE95-140D-48B3-B88B-0FD35EFFD442}.Debug|Any CPU.Build.0 = Debug|Any CPU
		{D757FE95-140D-48B3-B88B-0FD35EFFD442}.Release|Any CPU.ActiveCfg = Release|Any CPU
		{D757FE95-140D-48B3-B88B-0FD35EFFD442}.Release|Any CPU.Build.0 = Release|Any CPU
		{A4C20001-CC68-45DA-AC34-D9197B2993FE}.Debug|Any CPU.ActiveCfg = Debug|Any CPU
		{A4C20001-CC68-45DA-AC34-D9197B2993FE}.Debug|Any CPU.Build.0 = Debug|Any CPU
		{A4C20001-CC68-45DA-AC34-D9197B2993FE}.Release|Any CPU.ActiveCfg = Release|Any CPU
		{A4C20001-CC68-45DA-AC34-D9197B2993FE}.Release|Any CPU.Build.0 = Release|Any CPU
		{E12A4958-831D-4ED1-83ED-B442FAF828DF}.Debug|Any CPU.ActiveCfg = Debug|Any CPU
		{E12A4958-831D-4ED1-83ED-B442FAF828DF}.Debug|Any CPU.Build.0 = Debug|Any CPU
		{E12A4958-831D-4ED1-83ED-B442FAF828DF}.Release|Any CPU.ActiveCfg = Release|Any CPU
		{E12A4958-831D-4ED1-83ED-B442FAF828DF}.Release|Any CPU.Build.0 = Release|Any CPU
		{CE5E72DC-CB1B-4A92-8F83-90C4F70A8D11}.Debug|Any CPU.ActiveCfg = Debug|Any CPU
		{CE5E72DC-CB1B-4A92-8F83-90C4F70A8D11}.Debug|Any CPU.Build.0 = Debug|Any CPU
		{CE5E72DC-CB1B-4A92-8F83-90C4F70A8D11}.Release|Any CPU.ActiveCfg = Release|Any CPU
		{CE5E72DC-CB1B-4A92-8F83-90C4F70A8D11}.Release|Any CPU.Build.0 = Release|Any CPU
		{957D8BEE-8400-4643-844E-A6AA86088A45}.Debug|Any CPU.ActiveCfg = Debug|Any CPU
		{957D8BEE-8400-4643-844E-A6AA86088A45}.Debug|Any CPU.Build.0 = Debug|Any CPU
		{957D8BEE-8400-4643-844E-A6AA86088A45}.Release|Any CPU.ActiveCfg = Release|Any CPU
		{957D8BEE-8400-4643-844E-A6AA86088A45}.Release|Any CPU.Build.0 = Release|Any CPU
		{6FABA09F-3645-4A73-810B-13B6D607ECFF}.Debug|Any CPU.ActiveCfg = Debug|Any CPU
		{6FABA09F-3645-4A73-810B-13B6D607ECFF}.Debug|Any CPU.Build.0 = Debug|Any CPU
		{6FABA09F-3645-4A73-810B-13B6D607ECFF}.Release|Any CPU.ActiveCfg = Release|Any CPU
		{6FABA09F-3645-4A73-810B-13B6D607ECFF}.Release|Any CPU.Build.0 = Release|Any CPU
		{B5CD4F5B-1990-4FE4-8AB5-D79315CE70FD}.Debug|Any CPU.ActiveCfg = Debug|Any CPU
		{B5CD4F5B-1990-4FE4-8AB5-D79315CE70FD}.Debug|Any CPU.Build.0 = Debug|Any CPU
		{B5CD4F5B-1990-4FE4-8AB5-D79315CE70FD}.Release|Any CPU.ActiveCfg = Release|Any CPU
		{B5CD4F5B-1990-4FE4-8AB5-D79315CE70FD}.Release|Any CPU.Build.0 = Release|Any CPU
		{41FDA794-185B-4164-9407-EC9F5A1C64C4}.Debug|Any CPU.ActiveCfg = Debug|Any CPU
		{41FDA794-185B-4164-9407-EC9F5A1C64C4}.Debug|Any CPU.Build.0 = Debug|Any CPU
		{41FDA794-185B-4164-9407-EC9F5A1C64C4}.Release|Any CPU.ActiveCfg = Release|Any CPU
		{41FDA794-185B-4164-9407-EC9F5A1C64C4}.Release|Any CPU.Build.0 = Release|Any CPU
		{900B8E91-41D1-4D06-962F-AE81D5F54B12}.Debug|Any CPU.ActiveCfg = Debug|Any CPU
		{900B8E91-41D1-4D06-962F-AE81D5F54B12}.Debug|Any CPU.Build.0 = Debug|Any CPU
		{900B8E91-41D1-4D06-962F-AE81D5F54B12}.Release|Any CPU.ActiveCfg = Release|Any CPU
		{900B8E91-41D1-4D06-962F-AE81D5F54B12}.Release|Any CPU.Build.0 = Release|Any CPU
		{D134C2BE-F2AB-4CD8-89C8-6A957F4ACC17}.Debug|Any CPU.ActiveCfg = Debug|Any CPU
		{D134C2BE-F2AB-4CD8-89C8-6A957F4ACC17}.Debug|Any CPU.Build.0 = Debug|Any CPU
		{D134C2BE-F2AB-4CD8-89C8-6A957F4ACC17}.Release|Any CPU.ActiveCfg = Release|Any CPU
		{D134C2BE-F2AB-4CD8-89C8-6A957F4ACC17}.Release|Any CPU.Build.0 = Release|Any CPU
		{053B8A3F-407E-44DB-84D0-BDFA1FE6A738}.Debug|Any CPU.ActiveCfg = Debug|Any CPU
		{053B8A3F-407E-44DB-84D0-BDFA1FE6A738}.Debug|Any CPU.Build.0 = Debug|Any CPU
		{053B8A3F-407E-44DB-84D0-BDFA1FE6A738}.Release|Any CPU.ActiveCfg = Release|Any CPU
		{053B8A3F-407E-44DB-84D0-BDFA1FE6A738}.Release|Any CPU.Build.0 = Release|Any CPU
		{9ACD8F92-A58B-4200-BB20-29A910BC0CDF}.Debug|Any CPU.ActiveCfg = Debug|Any CPU
		{9ACD8F92-A58B-4200-BB20-29A910BC0CDF}.Debug|Any CPU.Build.0 = Debug|Any CPU
		{9ACD8F92-A58B-4200-BB20-29A910BC0CDF}.Release|Any CPU.ActiveCfg = Release|Any CPU
		{9ACD8F92-A58B-4200-BB20-29A910BC0CDF}.Release|Any CPU.Build.0 = Release|Any CPU
		{AAF0B55B-610F-4CD2-B1A5-87065453AE69}.Debug|Any CPU.ActiveCfg = Debug|Any CPU
		{AAF0B55B-610F-4CD2-B1A5-87065453AE69}.Debug|Any CPU.Build.0 = Debug|Any CPU
		{AAF0B55B-610F-4CD2-B1A5-87065453AE69}.Release|Any CPU.ActiveCfg = Release|Any CPU
		{AAF0B55B-610F-4CD2-B1A5-87065453AE69}.Release|Any CPU.Build.0 = Release|Any CPU
		{AA943E16-A545-4E9F-8CA8-FB676358587D}.Debug|Any CPU.ActiveCfg = Debug|Any CPU
		{AA943E16-A545-4E9F-8CA8-FB676358587D}.Debug|Any CPU.Build.0 = Debug|Any CPU
		{AA943E16-A545-4E9F-8CA8-FB676358587D}.Release|Any CPU.ActiveCfg = Release|Any CPU
		{AA943E16-A545-4E9F-8CA8-FB676358587D}.Release|Any CPU.Build.0 = Release|Any CPU
		{388C8F63-3B13-408D-B40D-439DC1A3F145}.Debug|Any CPU.ActiveCfg = Debug|Any CPU
		{388C8F63-3B13-408D-B40D-439DC1A3F145}.Debug|Any CPU.Build.0 = Debug|Any CPU
		{388C8F63-3B13-408D-B40D-439DC1A3F145}.Release|Any CPU.ActiveCfg = Release|Any CPU
		{388C8F63-3B13-408D-B40D-439DC1A3F145}.Release|Any CPU.Build.0 = Release|Any CPU
		{6D726E96-6E23-41FA-B2C9-36C02A2CB580}.Debug|Any CPU.ActiveCfg = Debug|Any CPU
		{6D726E96-6E23-41FA-B2C9-36C02A2CB580}.Debug|Any CPU.Build.0 = Debug|Any CPU
		{6D726E96-6E23-41FA-B2C9-36C02A2CB580}.Release|Any CPU.ActiveCfg = Release|Any CPU
		{6D726E96-6E23-41FA-B2C9-36C02A2CB580}.Release|Any CPU.Build.0 = Release|Any CPU
		{E7C8719F-C64B-4DFE-8F6C-C3FE3ED5697B}.Debug|Any CPU.ActiveCfg = Debug|Any CPU
		{E7C8719F-C64B-4DFE-8F6C-C3FE3ED5697B}.Debug|Any CPU.Build.0 = Debug|Any CPU
		{E7C8719F-C64B-4DFE-8F6C-C3FE3ED5697B}.Release|Any CPU.ActiveCfg = Release|Any CPU
		{E7C8719F-C64B-4DFE-8F6C-C3FE3ED5697B}.Release|Any CPU.Build.0 = Release|Any CPU
		{1B19EFA0-47BB-4158-B872-AAD24B7CAA8E}.Debug|Any CPU.ActiveCfg = Debug|Any CPU
		{1B19EFA0-47BB-4158-B872-AAD24B7CAA8E}.Debug|Any CPU.Build.0 = Debug|Any CPU
		{1B19EFA0-47BB-4158-B872-AAD24B7CAA8E}.Release|Any CPU.ActiveCfg = Release|Any CPU
		{1B19EFA0-47BB-4158-B872-AAD24B7CAA8E}.Release|Any CPU.Build.0 = Release|Any CPU
		{44254B95-F44E-40F7-A46B-341A259FC143}.Debug|Any CPU.ActiveCfg = Debug|Any CPU
		{44254B95-F44E-40F7-A46B-341A259FC143}.Debug|Any CPU.Build.0 = Debug|Any CPU
		{44254B95-F44E-40F7-A46B-341A259FC143}.Release|Any CPU.ActiveCfg = Release|Any CPU
		{44254B95-F44E-40F7-A46B-341A259FC143}.Release|Any CPU.Build.0 = Release|Any CPU
		{4482DB4A-A24B-4947-BFCB-67A63AE6D7F3}.Debug|Any CPU.ActiveCfg = Debug|Any CPU
		{4482DB4A-A24B-4947-BFCB-67A63AE6D7F3}.Debug|Any CPU.Build.0 = Debug|Any CPU
		{4482DB4A-A24B-4947-BFCB-67A63AE6D7F3}.Release|Any CPU.ActiveCfg = Release|Any CPU
		{4482DB4A-A24B-4947-BFCB-67A63AE6D7F3}.Release|Any CPU.Build.0 = Release|Any CPU
		{AC3014DD-ED61-4F6A-ABAE-754D3CAD36D9}.Debug|Any CPU.ActiveCfg = Debug|Any CPU
		{AC3014DD-ED61-4F6A-ABAE-754D3CAD36D9}.Debug|Any CPU.Build.0 = Debug|Any CPU
		{AC3014DD-ED61-4F6A-ABAE-754D3CAD36D9}.Release|Any CPU.ActiveCfg = Release|Any CPU
		{AC3014DD-ED61-4F6A-ABAE-754D3CAD36D9}.Release|Any CPU.Build.0 = Release|Any CPU
		{C4C08C2F-E6E0-49AF-A87B-F0634C6D5241}.Debug|Any CPU.ActiveCfg = Debug|Any CPU
		{C4C08C2F-E6E0-49AF-A87B-F0634C6D5241}.Debug|Any CPU.Build.0 = Debug|Any CPU
		{C4C08C2F-E6E0-49AF-A87B-F0634C6D5241}.Release|Any CPU.ActiveCfg = Release|Any CPU
		{C4C08C2F-E6E0-49AF-A87B-F0634C6D5241}.Release|Any CPU.Build.0 = Release|Any CPU
		{C03796D4-A0FF-4779-99E9-7E4C4612F3CF}.Debug|Any CPU.ActiveCfg = Debug|Any CPU
		{C03796D4-A0FF-4779-99E9-7E4C4612F3CF}.Debug|Any CPU.Build.0 = Debug|Any CPU
		{C03796D4-A0FF-4779-99E9-7E4C4612F3CF}.Release|Any CPU.ActiveCfg = Release|Any CPU
		{C03796D4-A0FF-4779-99E9-7E4C4612F3CF}.Release|Any CPU.Build.0 = Release|Any CPU
		{A6C1642B-02B9-4356-9B6E-E85FD4081CE7}.Debug|Any CPU.ActiveCfg = Debug|Any CPU
		{A6C1642B-02B9-4356-9B6E-E85FD4081CE7}.Debug|Any CPU.Build.0 = Debug|Any CPU
		{A6C1642B-02B9-4356-9B6E-E85FD4081CE7}.Release|Any CPU.ActiveCfg = Release|Any CPU
		{A6C1642B-02B9-4356-9B6E-E85FD4081CE7}.Release|Any CPU.Build.0 = Release|Any CPU
		{A03BAA63-72AD-40F6-B767-84191517A91C}.Debug|Any CPU.ActiveCfg = Debug|Any CPU
		{A03BAA63-72AD-40F6-B767-84191517A91C}.Debug|Any CPU.Build.0 = Debug|Any CPU
		{A03BAA63-72AD-40F6-B767-84191517A91C}.Release|Any CPU.ActiveCfg = Release|Any CPU
		{A03BAA63-72AD-40F6-B767-84191517A91C}.Release|Any CPU.Build.0 = Release|Any CPU
		{CA31CF64-EF26-4D1A-AE0A-498B95376A99}.Debug|Any CPU.ActiveCfg = Debug|Any CPU
		{CA31CF64-EF26-4D1A-AE0A-498B95376A99}.Debug|Any CPU.Build.0 = Debug|Any CPU
		{CA31CF64-EF26-4D1A-AE0A-498B95376A99}.Release|Any CPU.ActiveCfg = Release|Any CPU
		{CA31CF64-EF26-4D1A-AE0A-498B95376A99}.Release|Any CPU.Build.0 = Release|Any CPU
		{FF4BDD9B-FF40-433D-A8D5-2D58F0BFF8F8}.Debug|Any CPU.ActiveCfg = Debug|Any CPU
		{FF4BDD9B-FF40-433D-A8D5-2D58F0BFF8F8}.Debug|Any CPU.Build.0 = Debug|Any CPU
		{FF4BDD9B-FF40-433D-A8D5-2D58F0BFF8F8}.Release|Any CPU.ActiveCfg = Release|Any CPU
		{FF4BDD9B-FF40-433D-A8D5-2D58F0BFF8F8}.Release|Any CPU.Build.0 = Release|Any CPU
		{5F579A0D-C36C-4109-9BA8-0695D621C53C}.Debug|Any CPU.ActiveCfg = Debug|Any CPU
		{5F579A0D-C36C-4109-9BA8-0695D621C53C}.Debug|Any CPU.Build.0 = Debug|Any CPU
		{5F579A0D-C36C-4109-9BA8-0695D621C53C}.Release|Any CPU.ActiveCfg = Release|Any CPU
		{5F579A0D-C36C-4109-9BA8-0695D621C53C}.Release|Any CPU.Build.0 = Release|Any CPU
		{6BE5E299-FA44-4CB6-BC15-0728F3E422FC}.Debug|Any CPU.ActiveCfg = Debug|Any CPU
		{6BE5E299-FA44-4CB6-BC15-0728F3E422FC}.Debug|Any CPU.Build.0 = Debug|Any CPU
		{6BE5E299-FA44-4CB6-BC15-0728F3E422FC}.Release|Any CPU.ActiveCfg = Release|Any CPU
		{6BE5E299-FA44-4CB6-BC15-0728F3E422FC}.Release|Any CPU.Build.0 = Release|Any CPU
		{C173FED1-4614-4501-9882-138E7AB19476}.Debug|Any CPU.ActiveCfg = Debug|Any CPU
		{C173FED1-4614-4501-9882-138E7AB19476}.Debug|Any CPU.Build.0 = Debug|Any CPU
		{C173FED1-4614-4501-9882-138E7AB19476}.Release|Any CPU.ActiveCfg = Release|Any CPU
		{C173FED1-4614-4501-9882-138E7AB19476}.Release|Any CPU.Build.0 = Release|Any CPU
		{3D837E70-D438-4D2F-B757-D3C3E4CFCB1A}.Debug|Any CPU.ActiveCfg = Debug|Any CPU
		{3D837E70-D438-4D2F-B757-D3C3E4CFCB1A}.Debug|Any CPU.Build.0 = Debug|Any CPU
		{3D837E70-D438-4D2F-B757-D3C3E4CFCB1A}.Release|Any CPU.ActiveCfg = Release|Any CPU
		{3D837E70-D438-4D2F-B757-D3C3E4CFCB1A}.Release|Any CPU.Build.0 = Release|Any CPU
		{F64E19BB-72FF-463F-827B-D5BEBA5CFFE4}.Debug|Any CPU.ActiveCfg = Debug|Any CPU
		{F64E19BB-72FF-463F-827B-D5BEBA5CFFE4}.Debug|Any CPU.Build.0 = Debug|Any CPU
		{F64E19BB-72FF-463F-827B-D5BEBA5CFFE4}.Release|Any CPU.ActiveCfg = Release|Any CPU
		{F64E19BB-72FF-463F-827B-D5BEBA5CFFE4}.Release|Any CPU.Build.0 = Release|Any CPU
		{1E15F87D-77CF-4AAD-AA03-8C29D8F7E0DD}.Debug|Any CPU.ActiveCfg = Debug|Any CPU
		{1E15F87D-77CF-4AAD-AA03-8C29D8F7E0DD}.Debug|Any CPU.Build.0 = Debug|Any CPU
		{1E15F87D-77CF-4AAD-AA03-8C29D8F7E0DD}.Release|Any CPU.ActiveCfg = Release|Any CPU
		{1E15F87D-77CF-4AAD-AA03-8C29D8F7E0DD}.Release|Any CPU.Build.0 = Release|Any CPU
	EndGlobalSection
	GlobalSection(SolutionProperties) = preSolution
		HideSolutionNode = FALSE
	EndGlobalSection
	GlobalSection(ExtensibilityGlobals) = postSolution
		SolutionGuid = {8D691A74-DA6B-422E-9E84-4C069B7FDE74}
	EndGlobalSection
	GlobalSection(NestedProjects) = preSolution
		{A6C1642B-02B9-4356-9B6E-E85FD4081CE7} = {C6206503-0AFB-4C64-AD6C-A0E444D9D3F8}
		{4482DB4A-A24B-4947-BFCB-67A63AE6D7F3} = {C6206503-0AFB-4C64-AD6C-A0E444D9D3F8}
		{1B19EFA0-47BB-4158-B872-AAD24B7CAA8E} = {C6206503-0AFB-4C64-AD6C-A0E444D9D3F8}
		{E7C8719F-C64B-4DFE-8F6C-C3FE3ED5697B} = {C6206503-0AFB-4C64-AD6C-A0E444D9D3F8}
		{C4C08C2F-E6E0-49AF-A87B-F0634C6D5241} = {C6206503-0AFB-4C64-AD6C-A0E444D9D3F8}
		{388C8F63-3B13-408D-B40D-439DC1A3F145} = {C6206503-0AFB-4C64-AD6C-A0E444D9D3F8}
		{AA943E16-A545-4E9F-8CA8-FB676358587D} = {C6206503-0AFB-4C64-AD6C-A0E444D9D3F8}
		{44254B95-F44E-40F7-A46B-341A259FC143} = {C6206503-0AFB-4C64-AD6C-A0E444D9D3F8}
		{C03796D4-A0FF-4779-99E9-7E4C4612F3CF} = {C6206503-0AFB-4C64-AD6C-A0E444D9D3F8}
		{AC3014DD-ED61-4F6A-ABAE-754D3CAD36D9} = {C6206503-0AFB-4C64-AD6C-A0E444D9D3F8}
		{6D726E96-6E23-41FA-B2C9-36C02A2CB580} = {C6206503-0AFB-4C64-AD6C-A0E444D9D3F8}
		{053B8A3F-407E-44DB-84D0-BDFA1FE6A738} = {C7879C58-F68D-4E97-9D3D-026D5EEBDDFB}
		{D134C2BE-F2AB-4CD8-89C8-6A957F4ACC17} = {C7879C58-F68D-4E97-9D3D-026D5EEBDDFB}
		{AAF0B55B-610F-4CD2-B1A5-87065453AE69} = {C7879C58-F68D-4E97-9D3D-026D5EEBDDFB}
		{9ACD8F92-A58B-4200-BB20-29A910BC0CDF} = {C7879C58-F68D-4E97-9D3D-026D5EEBDDFB}
		{B5CD4F5B-1990-4FE4-8AB5-D79315CE70FD} = {246B5CE8-5FE3-43FD-9D2C-C4FEF828F3ED}
		{900B8E91-41D1-4D06-962F-AE81D5F54B12} = {246B5CE8-5FE3-43FD-9D2C-C4FEF828F3ED}
		{41FDA794-185B-4164-9407-EC9F5A1C64C4} = {246B5CE8-5FE3-43FD-9D2C-C4FEF828F3ED}
		{6FABA09F-3645-4A73-810B-13B6D607ECFF} = {246B5CE8-5FE3-43FD-9D2C-C4FEF828F3ED}
		{957D8BEE-8400-4643-844E-A6AA86088A45} = {246B5CE8-5FE3-43FD-9D2C-C4FEF828F3ED}
		{CE5E72DC-CB1B-4A92-8F83-90C4F70A8D11} = {246B5CE8-5FE3-43FD-9D2C-C4FEF828F3ED}
		{A4C20001-CC68-45DA-AC34-D9197B2993FE} = {DDCC5FA9-1376-448C-8A54-98949C77674E}
		{D757FE95-140D-48B3-B88B-0FD35EFFD442} = {DDCC5FA9-1376-448C-8A54-98949C77674E}
		{E12A4958-831D-4ED1-83ED-B442FAF828DF} = {DDCC5FA9-1376-448C-8A54-98949C77674E}
		{BA24C848-A9CF-473F-BBCF-93B6836C7195} = {DDCC5FA9-1376-448C-8A54-98949C77674E}
		{68656B6C-96D1-4E02-A091-D668C7E7827D} = {88EEEC71-7E47-4CE4-81C0-CF087CEA5490}
		{3AD0E325-84E7-43B9-B634-55951E536EF0} = {88EEEC71-7E47-4CE4-81C0-CF087CEA5490}
		{4B030971-C04C-4D9D-9BC5-1F6BF59E1ECC} = {88EEEC71-7E47-4CE4-81C0-CF087CEA5490}
		{5EA268C1-EF5E-4522-8CCF-652D33E2A04F} = {88EEEC71-7E47-4CE4-81C0-CF087CEA5490}
		{87FBD158-712D-4655-B014-9B8978A815C5} = {2FD70B48-0669-4D25-9F5C-AED2230CB316}
		{5CA2EC86-26C2-4813-8932-106BE2D14FB0} = {2FD70B48-0669-4D25-9F5C-AED2230CB316}
		{FF4EEDF6-BB01-454A-8613-8587C6050E25} = {2FD70B48-0669-4D25-9F5C-AED2230CB316}
	EndGlobalSection
EndGlobal
