
Microsoft Visual Studio Solution File, Format Version 12.00
# Visual Studio Version 17
VisualStudioVersion = 17.5.002.0
MinimumVisualStudioVersion = 10.0.40219.1
Project("{9A19103F-16F7-4668-BE54-9A1E7A4F7556}") = "First_Project", "First_Project\First_Project.csproj", "{FF4EEDF6-BB01-454A-8613-8587C6050E25}"
EndProject
Project("{FAE04EC0-301F-11D3-BF4B-00C04F79EFBC}") = "Second_Project", "Second_Project\Second_Project.csproj", "{5CA2EC86-26C2-4813-8932-106BE2D14FB0}"
EndProject
Project("{2150E333-8FDC-42A3-9474-1A3956D46DE8}") = "Day 1", "Day 1", "{2FD70B48-0669-4D25-9F5C-AED2230CB316}"
EndProject
Project("{FAE04EC0-301F-11D3-BF4B-00C04F79EFBC}") = "Cat", "Cat\Cat.csproj", "{87FBD158-712D-4655-B014-9B8978A815C5}"
EndProject
Project("{FAE04EC0-301F-11D3-BF4B-00C04F79EFBC}") = "ClassStructure", "ClassStructure\ClassStructure.csproj", "{4B030971-C04C-4D9D-9BC5-1F6BF59E1ECC}"
EndProject
Project("{FAE04EC0-301F-11D3-BF4B-00C04F79EFBC}") = "Calculator", "Calculator\Calculator.csproj", "{5EA268C1-EF5E-4522-8CCF-652D33E2A04F}"
EndProject
Project("{2150E333-8FDC-42A3-9474-1A3956D46DE8}") = "Day 2", "Day 2", "{88EEEC71-7E47-4CE4-81C0-CF087CEA5490}"
EndProject
Project("{FAE04EC0-301F-11D3-BF4B-00C04F79EFBC}") = "ConstructureClass", "ConstructureClass\ConstructureClass.csproj", "{3AD0E325-84E7-43B9-B634-55951E536EF0}"
EndProject
Project("{FAE04EC0-301F-11D3-BF4B-00C04F79EFBC}") = "Compocition", "Compocition\Compocition.csproj", "{68656B6C-96D1-4E02-A091-D668C7E7827D}"
EndProject
Project("{FAE04EC0-301F-11D3-BF4B-00C04F79EFBC}") = "Compicition_part2", "Compicition_part2\Compicition_part2.csproj", "{BA24C848-A9CF-473F-BBCF-93B6836C7195}"
EndProject
Project("{FAE04EC0-301F-11D3-BF4B-00C04F79EFBC}") = "Inheritance", "Inheritance\Inheritance.csproj", "{D757FE95-140D-48B3-B88B-0FD35EFFD442}"
EndProject
Project("{2150E333-8FDC-42A3-9474-1A3956D46DE8}") = "Day 3", "Day 3", "{DDCC5FA9-1376-448C-8A54-98949C77674E}"
EndProject
Project("{FAE04EC0-301F-11D3-BF4B-00C04F79EFBC}") = "InheritanceCompocition", "InheritanceCompocition\InheritanceCompocition.csproj", "{A4C20001-CC68-45DA-AC34-D9197B2993FE}"
EndProject
Project("{FAE04EC0-301F-11D3-BF4B-00C04F79EFBC}") = "Pholymorpsm", "Pholymorpsm\Pholymorpsm.csproj", "{E12A4958-831D-4ED1-83ED-B442FAF828DF}"
EndProject
Project("{FAE04EC0-301F-11D3-BF4B-00C04F79EFBC}") = "Encapsulation", "Encapsulation\Encapsulation.csproj", "{CE5E72DC-CB1B-4A92-8F83-90C4F70A8D11}"
EndProject
Project("{FAE04EC0-301F-11D3-BF4B-00C04F79EFBC}") = "Internal_Referensi", "Internal_Referensi\Internal_Referensi.csproj", "{957D8BEE-8400-4643-844E-A6AA86088A45}"
EndProject
Project("{FAE04EC0-301F-11D3-BF4B-00C04F79EFBC}") = "Main_Program", "Main_Program\Main_Program.csproj", "{6FABA09F-3645-4A73-810B-13B6D607ECFF}"
EndProject
Project("{FAE04EC0-301F-11D3-BF4B-00C04F79EFBC}") = "Overriding", "Overriding\Overriding.csproj", "{B5CD4F5B-1990-4FE4-8AB5-D79315CE70FD}"
EndProject
Project("{FAE04EC0-301F-11D3-BF4B-00C04F79EFBC}") = "MethodHiding", "MethodHiding\MethodHiding.csproj", "{41FDA794-185B-4164-9407-EC9F5A1C64C4}"
EndProject
Project("{FAE04EC0-301F-11D3-BF4B-00C04F79EFBC}") = "Overloading", "Overloading\Overloading.csproj", "{900B8E91-41D1-4D06-962F-AE81D5F54B12}"
EndProject
Project("{2150E333-8FDC-42A3-9474-1A3956D46DE8}") = "Day 4", "Day 4", "{246B5CE8-5FE3-43FD-9D2C-C4FEF828F3ED}"
EndProject
Project("{FAE04EC0-301F-11D3-BF4B-00C04F79EFBC}") = "ReferenceType", "ReferenceType\ReferenceType.csproj", "{D134C2BE-F2AB-4CD8-89C8-6A957F4ACC17}"
EndProject
Project("{FAE04EC0-301F-11D3-BF4B-00C04F79EFBC}") = "ValueType", "ValueType\ValueType.csproj", "{053B8A3F-407E-44DB-84D0-BDFA1FE6A738}"
EndProject
Project("{2150E333-8FDC-42A3-9474-1A3956D46DE8}") = "Day 5", "Day 5", "{C7879C58-F68D-4E97-9D3D-026D5EEBDDFB}"
EndProject
Project("{FAE04EC0-301F-11D3-BF4B-00C04F79EFBC}") = "Abstraction", "Abstraction\Abstraction.csproj", "{9ACD8F92-A58B-4200-BB20-29A910BC0CDF}"
EndProject
Project("{FAE04EC0-301F-11D3-BF4B-00C04F79EFBC}") = "Interface", "Interface\Interface.csproj", "{AAF0B55B-610F-4CD2-B1A5-87065453AE69}"
EndProject
Project("{2150E333-8FDC-42A3-9474-1A3956D46DE8}") = "Day 6", "Day 6", "{C6206503-0AFB-4C64-AD6C-A0E444D9D3F8}"
EndProject
Project("{FAE04EC0-301F-11D3-BF4B-00C04F79EFBC}") = "Properties", "Properties\Properties.csproj", "{AA943E16-A545-4E9F-8CA8-FB676358587D}"
EndProject
Project("{FAE04EC0-301F-11D3-BF4B-00C04F79EFBC}") = "Property_Auto", "Property_Auto\Property_Auto.csproj", "{388C8F63-3B13-408D-B40D-439DC1A3F145}"
EndProject
Project("{FAE04EC0-301F-11D3-BF4B-00C04F79EFBC}") = "C_Casting", "C_Casting\C_Casting.csproj", "{6D726E96-6E23-41FA-B2C9-36C02A2CB580}"
EndProject
Project("{FAE04EC0-301F-11D3-BF4B-00C04F79EFBC}") = "Static", "Static\Static.csproj", "{E7C8719F-C64B-4DFE-8F6C-C3FE3ED5697B}"
EndProject
Project("{FAE04EC0-301F-11D3-BF4B-00C04F79EFBC}") = "StringBuilder", "StringBuilder\StringBuilder.csproj", "{1B19EFA0-47BB-4158-B872-AAD24B7CAA8E}"
EndProject
Project("{FAE04EC0-301F-11D3-BF4B-00C04F79EFBC}") = "Object", "Object\Object.csproj", "{44254B95-F44E-40F7-A46B-341A259FC143}"
EndProject
Project("{FAE04EC0-301F-11D3-BF4B-00C04F79EFBC}") = "TypeChecker_object", "TypeChecker_object\TypeChecker_object.csproj", "{4482DB4A-A24B-4947-BFCB-67A63AE6D7F3}"
EndProject
Project("{FAE04EC0-301F-11D3-BF4B-00C04F79EFBC}") = "Dynimic", "Dynimic\Dynimic.csproj", "{AC3014DD-ED61-4F6A-ABAE-754D3CAD36D9}"
EndProject
Project("{FAE04EC0-301F-11D3-BF4B-00C04F79EFBC}") = "ref_in_out", "ref_in_out\ref_in_out.csproj", "{C4C08C2F-E6E0-49AF-A87B-F0634C6D5241}"
EndProject
Project("{FAE04EC0-301F-11D3-BF4B-00C04F79EFBC}") = "Foobar", "Foobar\Foobar.csproj", "{C03796D4-A0FF-4779-99E9-7E4C4612F3CF}"
EndProject
Project("{FAE04EC0-301F-11D3-BF4B-00C04F79EFBC}") = "V_Value_Reference", "V_Value_Reference\V_Value_Reference.csproj", "{A6C1642B-02B9-4356-9B6E-E85FD4081CE7}"
EndProject
Project("{FAE04EC0-301F-11D3-BF4B-00C04F79EFBC}") = "Generic", "Generic\Generic.csproj", "{A03BAA63-72AD-40F6-B767-84191517A91C}"
EndProject
Project("{FAE04EC0-301F-11D3-BF4B-00C04F79EFBC}") = "CalGen", "CalGen\CalGen.csproj", "{CA31CF64-EF26-4D1A-AE0A-498B95376A99}"
EndProject
Project("{FAE04EC0-301F-11D3-BF4B-00C04F79EFBC}") = "CalGenClass", "CalGenClass\CalGenClass.csproj", "{FF4BDD9B-FF40-433D-A8D5-2D58F0BFF8F8}"
EndProject
Project("{FAE04EC0-301F-11D3-BF4B-00C04F79EFBC}") = "OperatorOverloading", "OperatorOverloading\OperatorOverloading.csproj", "{5F579A0D-C36C-4109-9BA8-0695D621C53C}"
EndProject
Project("{FAE04EC0-301F-11D3-BF4B-00C04F79EFBC}") = "GenericAndOperator", "GenericAndOperator\GenericAndOperator.csproj", "{6BE5E299-FA44-4CB6-BC15-0728F3E422FC}"
EndProject
Project("{FAE04EC0-301F-11D3-BF4B-00C04F79EFBC}") = "Non-Delegate", "Non-Delegate\Non-Delegate.csproj", "{C173FED1-4614-4501-9882-138E7AB19476}"
EndProject
Project("{FAE04EC0-301F-11D3-BF4B-00C04F79EFBC}") = "Delegate", "Delegate\Delegate.csproj", "{3D837E70-D438-4D2F-B757-D3C3E4CFCB1A}"
EndProject
Project("{FAE04EC0-301F-11D3-BF4B-00C04F79EFBC}") = "Multicast_Delegate", "Multicast_Delegate\Multicast_Delegate.csproj", "{F64E19BB-72FF-463F-827B-D5BEBA5CFFE4}"
EndProject
Project("{FAE04EC0-301F-11D3-BF4B-00C04F79EFBC}") = "Delegate _NullOperation", "Delegate _NullOperation\Delegate _NullOperation.csproj", "{1E15F87D-77CF-4AAD-AA03-8C29D8F7E0DD}"
EndProject
Project("{2150E333-8FDC-42A3-9474-1A3956D46DE8}") = "Day 7", "Day 7", "{26FE8D6B-31ED-4F15-9959-FEAA33D09CEA}"
EndProject
Project("{FAE04EC0-301F-11D3-BF4B-00C04F79EFBC}") = "EventDelegate", "EventDelegate\EventDelegate.csproj", "{DE42EA38-2B34-471F-98CB-5455DEC15A17}"
EndProject
Project("{FAE04EC0-301F-11D3-BF4B-00C04F79EFBC}") = "DelegateReturn", "DelegateReturn\DelegateReturn.csproj", "{E815BF97-3BB6-4EA4-A566-968022EC6B57}"
EndProject
Project("{FAE04EC0-301F-11D3-BF4B-00C04F79EFBC}") = "Q_Delegate", "Q_Delegate\Q_Delegate.csproj", "{D03F32EF-3FE2-4B89-8F3F-4CAC79CB1DD5}"
EndProject
Project("{FAE04EC0-301F-11D3-BF4B-00C04F79EFBC}") = "Action", "Action\Action.csproj", "{42FDD289-DF88-4CB4-B128-92D1800B15DA}"
EndProject
Project("{FAE04EC0-301F-11D3-BF4B-00C04F79EFBC}") = "Func", "Func\Func.csproj", "{010146C5-0F22-4B52-BE62-1B418DFC5E32}"
EndProject
Project("{FAE04EC0-301F-11D3-BF4B-00C04F79EFBC}") = "Var", "Var\Var.csproj", "{E551074D-A6DE-4129-A060-5F3386975186}"
EndProject
Project("{FAE04EC0-301F-11D3-BF4B-00C04F79EFBC}") = "Anonymous", "Anonymous\Anonymous.csproj", "{BA27B8DC-7912-43D0-A226-9E08DEED30FD}"
EndProject
Project("{FAE04EC0-301F-11D3-BF4B-00C04F79EFBC}") = "Collection", "Collection\Collection.csproj", "{727C70A9-3A7D-4574-8D58-E5E746A4D1B5}"
EndProject
Project("{2150E333-8FDC-42A3-9474-1A3956D46DE8}") = "Day 8", "Day 8", "{BDABACE7-C654-497E-9564-87666D7BF07D}"
EndProject
Project("{FAE04EC0-301F-11D3-BF4B-00C04F79EFBC}") = "Conts_readonly", "Conts_readonly\Conts_readonly.csproj", "{F50A083F-46DB-44A9-97D2-E9EEFDADDF89}"
EndProject
Project("{FAE04EC0-301F-11D3-BF4B-00C04F79EFBC}") = "Enum", "Enum\Enum.csproj", "{1A4259D6-8102-4BEF-90CB-7E26502EC41F}"
EndProject
Project("{FAE04EC0-301F-11D3-BF4B-00C04F79EFBC}") = "exception", "exception\exception.csproj", "{561EF568-9E2E-4ABD-83BC-F37FAF63A6B6}"
EndProject
Project("{FAE04EC0-301F-11D3-BF4B-00C04F79EFBC}") = "CustomException", "CustomException\CustomException.csproj", "{3A0D5B52-C1A4-49FD-AD05-41B603CDAFF2}"
EndProject
Project("{FAE04EC0-301F-11D3-BF4B-00C04F79EFBC}") = "ifException", "ifException\ifException.csproj", "{E0ECA2EB-1162-4524-8F47-176F3D24898E}"
EndProject
Project("{FAE04EC0-301F-11D3-BF4B-00C04F79EFBC}") = "ExceptionIf", "ExceptionIf\ExceptionIf.csproj", "{7681D264-D794-40C2-BCB2-40D9CA639E94}"
EndProject
Project("{FAE04EC0-301F-11D3-BF4B-00C04F79EFBC}") = "MultipleCatch", "MultipleCatch\MultipleCatch.csproj", "{9CB680FE-614D-47D6-A62B-9B8CADBECD26}"
EndProject
Project("{FAE04EC0-301F-11D3-BF4B-00C04F79EFBC}") = "GarbageCollectorString", "GarbageCollectorString\GarbageCollectorString.csproj", "{3B5E6DDC-EE6B-48EC-B826-5D18ADA6BD60}"
EndProject
Project("{FAE04EC0-301F-11D3-BF4B-00C04F79EFBC}") = "GarbageCollStringBuilder", "GarbageCollStringBuilder\GarbageCollStringBuilder.csproj", "{EDC17C43-3914-4EEA-883F-42FEB72104D4}"
EndProject
Project("{FAE04EC0-301F-11D3-BF4B-00C04F79EFBC}") = "Destructor", "Destructor\Destructor.csproj", "{C3443AAA-8351-4257-9F22-F03BE6508ADF}"
EndProject
Project("{FAE04EC0-301F-11D3-BF4B-00C04F79EFBC}") = "LOH", "LOH\LOH.csproj", "{2FD84DC9-4B23-4EA8-A363-293A34D6C2A3}"
EndProject
Project("{FAE04EC0-301F-11D3-BF4B-00C04F79EFBC}") = "WithFinilizer", "WithFinilizer\WithFinilizer.csproj", "{C10CA0FF-56E8-4F75-A0BD-15E24F934A27}"
EndProject
Project("{FAE04EC0-301F-11D3-BF4B-00C04F79EFBC}") = "WithoutFinilizer", "WithoutFinilizer\WithoutFinilizer.csproj", "{F197466D-F56A-4444-87F0-78F1A579BAD2}"
EndProject
Project("{FAE04EC0-301F-11D3-BF4B-00C04F79EFBC}") = "DisposePattern", "DisposePattern\DisposePattern.csproj", "{593F830C-D7C4-4605-B2AA-2AADFA3057F5}"
EndProject
Project("{FAE04EC0-301F-11D3-BF4B-00C04F79EFBC}") = "FinallyandDispose", "FinallyandDispose\FinallyandDispose.csproj", "{706218E5-04BA-45AB-AB46-6CE2E4A38748}"
EndProject
Project("{FAE04EC0-301F-11D3-BF4B-00C04F79EFBC}") = "UsingAndDispose", "UsingAndDispose\UsingAndDispose.csproj", "{7E0A28EA-77C0-455A-8F96-6C23885D3C92}"
EndProject
Project("{FAE04EC0-301F-11D3-BF4B-00C04F79EFBC}") = "Rekursif", "Rekursif\Rekursif.csproj", "{46B97D1E-7587-41B6-960B-A6563BAC2020}"
EndProject
Project("{FAE04EC0-301F-11D3-BF4B-00C04F79EFBC}") = "AddObject", "AddObject\AddObject.csproj", "{BC103358-55FB-4BF9-A2B8-9098113CA0D2}"
EndProject
Project("{2150E333-8FDC-42A3-9474-1A3956D46DE8}") = "Day 19", "Day 19", "{25B373E0-5A48-4659-8A2E-CEC50C8B5E7C}"
EndProject
Project("{FAE04EC0-301F-11D3-BF4B-00C04F79EFBC}") = "MethodExtention", "MethodExtention\MethodExtention.csproj", "{7D478A43-7FA3-4297-922E-1FC815071D56}"
EndProject
Project("{FAE04EC0-301F-11D3-BF4B-00C04F79EFBC}") = "Partial", "Partial\Partial.csproj", "{1D436CAD-975E-4195-B89B-67AD803955E5}"
EndProject
Project("{FAE04EC0-301F-11D3-BF4B-00C04F79EFBC}") = "Sealed", "Sealed\Sealed.csproj", "{FC9D9B23-DE89-4ACF-906F-9B4FB9E8E59A}"
EndProject
Project("{FAE04EC0-301F-11D3-BF4B-00C04F79EFBC}") = "ConditionCompiler", "ConditionCompiler\ConditionCompiler.csproj", "{78E56FEE-63A8-4910-A5E9-566D8F4CAE89}"
EndProject
Project("{FAE04EC0-301F-11D3-BF4B-00C04F79EFBC}") = "Debuger", "Debuger\Debuger.csproj", "{ABD7CFEC-EBBD-4384-8B4F-F2C1DED785B7}"
EndProject
Project("{2150E333-8FDC-42A3-9474-1A3956D46DE8}") = "Day 20", "Day 20", "{F83E81B1-D021-4CC6-A79C-686BE7273C74}"
EndProject
Project("{2150E333-8FDC-42A3-9474-1A3956D46DE8}") = "Day 22", "Day 22", "{AE819774-139F-45B2-9F6A-A11721D02998}"
EndProject
Project("{FAE04EC0-301F-11D3-BF4B-00C04F79EFBC}") = "WithoutMultiThread", "WithoutMultiThread\WithoutMultiThread.csproj", "{98278EC0-CD4F-4CEF-811B-D2CAA5DA9A5C}"
EndProject
Project("{FAE04EC0-301F-11D3-BF4B-00C04F79EFBC}") = "MultiThread", "MultiThread\MultiThread.csproj", "{06C8DCAC-B6A6-4D5A-9A0F-FEFAA0210E15}"
EndProject
Project("{FAE04EC0-301F-11D3-BF4B-00C04F79EFBC}") = "BackgroudThread", "BackgroudThread\BackgroudThread.csproj", "{7952CD35-3DF5-4A97-ADA3-4B9C0C977D4E}"
EndProject
Project("{FAE04EC0-301F-11D3-BF4B-00C04F79EFBC}") = "ThreadAndLamda", "ThreadAndLamda\ThreadAndLamda.csproj", "{8BD58074-CB8D-4FEF-80CE-32103E866DFE}"
EndProject
Project("{FAE04EC0-301F-11D3-BF4B-00C04F79EFBC}") = "ThreadLamdaReturn", "ThreadLamdaReturn\ThreadLamdaReturn.csproj", "{C3B1AFB8-6A65-4B2C-8E5D-9BF1CB6A2659}"
EndProject
Project("{FAE04EC0-301F-11D3-BF4B-00C04F79EFBC}") = "ExceptionAndThread", "ExceptionAndThread\ExceptionAndThread.csproj", "{63783528-08B4-4851-BDBC-FC3D0E284095}"
EndProject
Project("{FAE04EC0-301F-11D3-BF4B-00C04F79EFBC}") = "TaskUsing", "TaskUsing\TaskUsing.csproj", "{7CDA94E3-4673-433F-8718-B27E56BE8266}"
EndProject
Project("{FAE04EC0-301F-11D3-BF4B-00C04F79EFBC}") = "TaskParameterReturn", "TaskParameterReturn\TaskParameterReturn.csproj", "{9E9808F7-A6B8-491D-B1D6-40CAA173CB27}"
EndProject
Project("{FAE04EC0-301F-11D3-BF4B-00C04F79EFBC}") = "TaskException", "TaskException\TaskException.csproj", "{FF53D3CF-860C-40D4-9468-9368E54B1A15}"
EndProject
Project("{FAE04EC0-301F-11D3-BF4B-00C04F79EFBC}") = "CancelletionTask", "CancelletionTask\CancelletionTask.csproj", "{CA5537C0-1525-4408-BB3A-C8C37E305624}"
EndProject
Project("{FAE04EC0-301F-11D3-BF4B-00C04F79EFBC}") = "Asyn_task", "Asyn_task\Asyn_task.csproj", "{A10B6134-314C-4FDB-87C3-D6452F178821}"
EndProject
Project("{FAE04EC0-301F-11D3-BF4B-00C04F79EFBC}") = "Race_condition", "Race_condition\Race_condition.csproj", "{ABD153E9-F2C6-4CFE-8814-8B1B51B8772A}"
EndProject
Project("{FAE04EC0-301F-11D3-BF4B-00C04F79EFBC}") = "Async", "Async\Async.csproj", "{B815B6C1-13C7-4405-8558-F92EA4723FA9}"
EndProject
Project("{FAE04EC0-301F-11D3-BF4B-00C04F79EFBC}") = "Semaphure", "Semaphure\Semaphure.csproj", "{43028E84-5906-409D-A45B-9874029D72F5}"
EndProject
Project("{FAE04EC0-301F-11D3-BF4B-00C04F79EFBC}") = "DeadBlock", "DeadBlock\DeadBlock.csproj", "{EBB5490E-98C2-4F1B-A710-80FF12ADC7D9}"
EndProject
Project("{FAE04EC0-301F-11D3-BF4B-00C04F79EFBC}") = "FileHandling", "FileHandling\FileHandling.csproj", "{2DB707F3-9C53-4347-9C56-078B59735036}"
EndProject
Project("{FAE04EC0-301F-11D3-BF4B-00C04F79EFBC}") = "ReadWriteFileStream", "ReadWriteFileStream\ReadWriteFileStream.csproj", "{A112064A-8831-49D3-9BA4-FB9173615F9D}"
EndProject
Project("{FAE04EC0-301F-11D3-BF4B-00C04F79EFBC}") = "StreamWriter", "StreamWriter\StreamWriter.csproj", "{4D5C7A71-9F07-4BC8-86FA-051FF37E99D7}"
EndProject
Project("{FAE04EC0-301F-11D3-BF4B-00C04F79EFBC}") = "StreamReader", "StreamReader\StreamReader.csproj", "{264152C4-2160-4AD6-AB22-E3BC5D617133}"
EndProject
Project("{2150E333-8FDC-42A3-9474-1A3956D46DE8}") = "Day 24", "Day 24", "{683ED1DF-6E5C-4B0E-ABDA-ED1F685FB05D}"
EndProject
Project("{FAE04EC0-301F-11D3-BF4B-00C04F79EFBC}") = "Serialization", "Serialization\Serialization.csproj", "{BF3D802E-AA04-4713-98B9-AFD4A0BFBA29}"
EndProject
Project("{FAE04EC0-301F-11D3-BF4B-00C04F79EFBC}") = "Dezentralitation_XML", "Dezentralitation_XML\Dezentralitation_XML.csproj", "{0BA51743-774D-4669-BAA8-D5898712FBD9}"
EndProject
Project("{FAE04EC0-301F-11D3-BF4B-00C04F79EFBC}") = "Serialization_collection", "Serialization_collection\Serialization_collection.csproj", "{09290F84-37D1-4853-AD1B-474CCB4ADA57}"
EndProject
Project("{FAE04EC0-301F-11D3-BF4B-00C04F79EFBC}") = "Desentralization_collection", "Desentralization_collection\Desentralization_collection.csproj", "{A565E33A-50E5-4CD2-B4A9-459ECEE8CE4A}"
EndProject
Project("{FAE04EC0-301F-11D3-BF4B-00C04F79EFBC}") = "Seriliation_JSON_LIST", "Seriliation_JSON_LIST\Seriliation_JSON_LIST.csproj", "{A237D822-95FF-4826-8822-14A8D2EA103D}"
EndProject
Project("{FAE04EC0-301F-11D3-BF4B-00C04F79EFBC}") = "Desentraliazation_JSON_List", "Desentraliazation_JSON_List\Desentraliazation_JSON_List.csproj", "{B42B3E38-6EE8-4955-8C15-8C51D92E9B5D}"
EndProject
Project("{FAE04EC0-301F-11D3-BF4B-00C04F79EFBC}") = "Data_Contract_serialization", "Data_Contract_serialization\Data_Contract_serialization.csproj", "{0C2F2D8D-5303-499C-8785-2A81A582559B}"
EndProject
Project("{FAE04EC0-301F-11D3-BF4B-00C04F79EFBC}") = "Logger", "Logger\Logger.csproj", "{4EF86FF9-A13C-4148-AFA4-0754F3D92520}"
EndProject
Project("{2150E333-8FDC-42A3-9474-1A3956D46DE8}") = "Day 25", "Day 25", "{59CA141F-D6E3-4DF3-BD3C-0D351A8CB28B}"
EndProject
Project("{FAE04EC0-301F-11D3-BF4B-00C04F79EFBC}") = "Nlogger", "Nlogger\Nlogger.csproj", "{EF647E90-EAD6-4DC0-8772-5720D8426FF2}"
EndProject
Global
	GlobalSection(SolutionConfigurationPlatforms) = preSolution
		Debug|Any CPU = Debug|Any CPU
		Release|Any CPU = Release|Any CPU
	EndGlobalSection
	GlobalSection(ProjectConfigurationPlatforms) = postSolution
		{FF4EEDF6-BB01-454A-8613-8587C6050E25}.Debug|Any CPU.ActiveCfg = Debug|Any CPU
		{FF4EEDF6-BB01-454A-8613-8587C6050E25}.Debug|Any CPU.Build.0 = Debug|Any CPU
		{FF4EEDF6-BB01-454A-8613-8587C6050E25}.Release|Any CPU.ActiveCfg = Release|Any CPU
		{FF4EEDF6-BB01-454A-8613-8587C6050E25}.Release|Any CPU.Build.0 = Release|Any CPU
		{5CA2EC86-26C2-4813-8932-106BE2D14FB0}.Debug|Any CPU.ActiveCfg = Debug|Any CPU
		{5CA2EC86-26C2-4813-8932-106BE2D14FB0}.Debug|Any CPU.Build.0 = Debug|Any CPU
		{5CA2EC86-26C2-4813-8932-106BE2D14FB0}.Release|Any CPU.ActiveCfg = Release|Any CPU
		{5CA2EC86-26C2-4813-8932-106BE2D14FB0}.Release|Any CPU.Build.0 = Release|Any CPU
		{87FBD158-712D-4655-B014-9B8978A815C5}.Debug|Any CPU.ActiveCfg = Debug|Any CPU
		{87FBD158-712D-4655-B014-9B8978A815C5}.Debug|Any CPU.Build.0 = Debug|Any CPU
		{87FBD158-712D-4655-B014-9B8978A815C5}.Release|Any CPU.ActiveCfg = Release|Any CPU
		{87FBD158-712D-4655-B014-9B8978A815C5}.Release|Any CPU.Build.0 = Release|Any CPU
		{4B030971-C04C-4D9D-9BC5-1F6BF59E1ECC}.Debug|Any CPU.ActiveCfg = Debug|Any CPU
		{4B030971-C04C-4D9D-9BC5-1F6BF59E1ECC}.Debug|Any CPU.Build.0 = Debug|Any CPU
		{4B030971-C04C-4D9D-9BC5-1F6BF59E1ECC}.Release|Any CPU.ActiveCfg = Release|Any CPU
		{4B030971-C04C-4D9D-9BC5-1F6BF59E1ECC}.Release|Any CPU.Build.0 = Release|Any CPU
		{5EA268C1-EF5E-4522-8CCF-652D33E2A04F}.Debug|Any CPU.ActiveCfg = Debug|Any CPU
		{5EA268C1-EF5E-4522-8CCF-652D33E2A04F}.Debug|Any CPU.Build.0 = Debug|Any CPU
		{5EA268C1-EF5E-4522-8CCF-652D33E2A04F}.Release|Any CPU.ActiveCfg = Release|Any CPU
		{5EA268C1-EF5E-4522-8CCF-652D33E2A04F}.Release|Any CPU.Build.0 = Release|Any CPU
		{3AD0E325-84E7-43B9-B634-55951E536EF0}.Debug|Any CPU.ActiveCfg = Debug|Any CPU
		{3AD0E325-84E7-43B9-B634-55951E536EF0}.Debug|Any CPU.Build.0 = Debug|Any CPU
		{3AD0E325-84E7-43B9-B634-55951E536EF0}.Release|Any CPU.ActiveCfg = Release|Any CPU
		{3AD0E325-84E7-43B9-B634-55951E536EF0}.Release|Any CPU.Build.0 = Release|Any CPU
		{68656B6C-96D1-4E02-A091-D668C7E7827D}.Debug|Any CPU.ActiveCfg = Debug|Any CPU
		{68656B6C-96D1-4E02-A091-D668C7E7827D}.Debug|Any CPU.Build.0 = Debug|Any CPU
		{68656B6C-96D1-4E02-A091-D668C7E7827D}.Release|Any CPU.ActiveCfg = Release|Any CPU
		{68656B6C-96D1-4E02-A091-D668C7E7827D}.Release|Any CPU.Build.0 = Release|Any CPU
		{BA24C848-A9CF-473F-BBCF-93B6836C7195}.Debug|Any CPU.ActiveCfg = Debug|Any CPU
		{BA24C848-A9CF-473F-BBCF-93B6836C7195}.Debug|Any CPU.Build.0 = Debug|Any CPU
		{BA24C848-A9CF-473F-BBCF-93B6836C7195}.Release|Any CPU.ActiveCfg = Release|Any CPU
		{BA24C848-A9CF-473F-BBCF-93B6836C7195}.Release|Any CPU.Build.0 = Release|Any CPU
		{D757FE95-140D-48B3-B88B-0FD35EFFD442}.Debug|Any CPU.ActiveCfg = Debug|Any CPU
		{D757FE95-140D-48B3-B88B-0FD35EFFD442}.Debug|Any CPU.Build.0 = Debug|Any CPU
		{D757FE95-140D-48B3-B88B-0FD35EFFD442}.Release|Any CPU.ActiveCfg = Release|Any CPU
		{D757FE95-140D-48B3-B88B-0FD35EFFD442}.Release|Any CPU.Build.0 = Release|Any CPU
		{A4C20001-CC68-45DA-AC34-D9197B2993FE}.Debug|Any CPU.ActiveCfg = Debug|Any CPU
		{A4C20001-CC68-45DA-AC34-D9197B2993FE}.Debug|Any CPU.Build.0 = Debug|Any CPU
		{A4C20001-CC68-45DA-AC34-D9197B2993FE}.Release|Any CPU.ActiveCfg = Release|Any CPU
		{A4C20001-CC68-45DA-AC34-D9197B2993FE}.Release|Any CPU.Build.0 = Release|Any CPU
		{E12A4958-831D-4ED1-83ED-B442FAF828DF}.Debug|Any CPU.ActiveCfg = Debug|Any CPU
		{E12A4958-831D-4ED1-83ED-B442FAF828DF}.Debug|Any CPU.Build.0 = Debug|Any CPU
		{E12A4958-831D-4ED1-83ED-B442FAF828DF}.Release|Any CPU.ActiveCfg = Release|Any CPU
		{E12A4958-831D-4ED1-83ED-B442FAF828DF}.Release|Any CPU.Build.0 = Release|Any CPU
		{CE5E72DC-CB1B-4A92-8F83-90C4F70A8D11}.Debug|Any CPU.ActiveCfg = Debug|Any CPU
		{CE5E72DC-CB1B-4A92-8F83-90C4F70A8D11}.Debug|Any CPU.Build.0 = Debug|Any CPU
		{CE5E72DC-CB1B-4A92-8F83-90C4F70A8D11}.Release|Any CPU.ActiveCfg = Release|Any CPU
		{CE5E72DC-CB1B-4A92-8F83-90C4F70A8D11}.Release|Any CPU.Build.0 = Release|Any CPU
		{957D8BEE-8400-4643-844E-A6AA86088A45}.Debug|Any CPU.ActiveCfg = Debug|Any CPU
		{957D8BEE-8400-4643-844E-A6AA86088A45}.Debug|Any CPU.Build.0 = Debug|Any CPU
		{957D8BEE-8400-4643-844E-A6AA86088A45}.Release|Any CPU.ActiveCfg = Release|Any CPU
		{957D8BEE-8400-4643-844E-A6AA86088A45}.Release|Any CPU.Build.0 = Release|Any CPU
		{6FABA09F-3645-4A73-810B-13B6D607ECFF}.Debug|Any CPU.ActiveCfg = Debug|Any CPU
		{6FABA09F-3645-4A73-810B-13B6D607ECFF}.Debug|Any CPU.Build.0 = Debug|Any CPU
		{6FABA09F-3645-4A73-810B-13B6D607ECFF}.Release|Any CPU.ActiveCfg = Release|Any CPU
		{6FABA09F-3645-4A73-810B-13B6D607ECFF}.Release|Any CPU.Build.0 = Release|Any CPU
		{B5CD4F5B-1990-4FE4-8AB5-D79315CE70FD}.Debug|Any CPU.ActiveCfg = Debug|Any CPU
		{B5CD4F5B-1990-4FE4-8AB5-D79315CE70FD}.Debug|Any CPU.Build.0 = Debug|Any CPU
		{B5CD4F5B-1990-4FE4-8AB5-D79315CE70FD}.Release|Any CPU.ActiveCfg = Release|Any CPU
		{B5CD4F5B-1990-4FE4-8AB5-D79315CE70FD}.Release|Any CPU.Build.0 = Release|Any CPU
		{41FDA794-185B-4164-9407-EC9F5A1C64C4}.Debug|Any CPU.ActiveCfg = Debug|Any CPU
		{41FDA794-185B-4164-9407-EC9F5A1C64C4}.Debug|Any CPU.Build.0 = Debug|Any CPU
		{41FDA794-185B-4164-9407-EC9F5A1C64C4}.Release|Any CPU.ActiveCfg = Release|Any CPU
		{41FDA794-185B-4164-9407-EC9F5A1C64C4}.Release|Any CPU.Build.0 = Release|Any CPU
		{900B8E91-41D1-4D06-962F-AE81D5F54B12}.Debug|Any CPU.ActiveCfg = Debug|Any CPU
		{900B8E91-41D1-4D06-962F-AE81D5F54B12}.Debug|Any CPU.Build.0 = Debug|Any CPU
		{900B8E91-41D1-4D06-962F-AE81D5F54B12}.Release|Any CPU.ActiveCfg = Release|Any CPU
		{900B8E91-41D1-4D06-962F-AE81D5F54B12}.Release|Any CPU.Build.0 = Release|Any CPU
		{D134C2BE-F2AB-4CD8-89C8-6A957F4ACC17}.Debug|Any CPU.ActiveCfg = Debug|Any CPU
		{D134C2BE-F2AB-4CD8-89C8-6A957F4ACC17}.Debug|Any CPU.Build.0 = Debug|Any CPU
		{D134C2BE-F2AB-4CD8-89C8-6A957F4ACC17}.Release|Any CPU.ActiveCfg = Release|Any CPU
		{D134C2BE-F2AB-4CD8-89C8-6A957F4ACC17}.Release|Any CPU.Build.0 = Release|Any CPU
		{053B8A3F-407E-44DB-84D0-BDFA1FE6A738}.Debug|Any CPU.ActiveCfg = Debug|Any CPU
		{053B8A3F-407E-44DB-84D0-BDFA1FE6A738}.Debug|Any CPU.Build.0 = Debug|Any CPU
		{053B8A3F-407E-44DB-84D0-BDFA1FE6A738}.Release|Any CPU.ActiveCfg = Release|Any CPU
		{053B8A3F-407E-44DB-84D0-BDFA1FE6A738}.Release|Any CPU.Build.0 = Release|Any CPU
		{9ACD8F92-A58B-4200-BB20-29A910BC0CDF}.Debug|Any CPU.ActiveCfg = Debug|Any CPU
		{9ACD8F92-A58B-4200-BB20-29A910BC0CDF}.Debug|Any CPU.Build.0 = Debug|Any CPU
		{9ACD8F92-A58B-4200-BB20-29A910BC0CDF}.Release|Any CPU.ActiveCfg = Release|Any CPU
		{9ACD8F92-A58B-4200-BB20-29A910BC0CDF}.Release|Any CPU.Build.0 = Release|Any CPU
		{AAF0B55B-610F-4CD2-B1A5-87065453AE69}.Debug|Any CPU.ActiveCfg = Debug|Any CPU
		{AAF0B55B-610F-4CD2-B1A5-87065453AE69}.Debug|Any CPU.Build.0 = Debug|Any CPU
		{AAF0B55B-610F-4CD2-B1A5-87065453AE69}.Release|Any CPU.ActiveCfg = Release|Any CPU
		{AAF0B55B-610F-4CD2-B1A5-87065453AE69}.Release|Any CPU.Build.0 = Release|Any CPU
		{AA943E16-A545-4E9F-8CA8-FB676358587D}.Debug|Any CPU.ActiveCfg = Debug|Any CPU
		{AA943E16-A545-4E9F-8CA8-FB676358587D}.Debug|Any CPU.Build.0 = Debug|Any CPU
		{AA943E16-A545-4E9F-8CA8-FB676358587D}.Release|Any CPU.ActiveCfg = Release|Any CPU
		{AA943E16-A545-4E9F-8CA8-FB676358587D}.Release|Any CPU.Build.0 = Release|Any CPU
		{388C8F63-3B13-408D-B40D-439DC1A3F145}.Debug|Any CPU.ActiveCfg = Debug|Any CPU
		{388C8F63-3B13-408D-B40D-439DC1A3F145}.Debug|Any CPU.Build.0 = Debug|Any CPU
		{388C8F63-3B13-408D-B40D-439DC1A3F145}.Release|Any CPU.ActiveCfg = Release|Any CPU
		{388C8F63-3B13-408D-B40D-439DC1A3F145}.Release|Any CPU.Build.0 = Release|Any CPU
		{6D726E96-6E23-41FA-B2C9-36C02A2CB580}.Debug|Any CPU.ActiveCfg = Debug|Any CPU
		{6D726E96-6E23-41FA-B2C9-36C02A2CB580}.Debug|Any CPU.Build.0 = Debug|Any CPU
		{6D726E96-6E23-41FA-B2C9-36C02A2CB580}.Release|Any CPU.ActiveCfg = Release|Any CPU
		{6D726E96-6E23-41FA-B2C9-36C02A2CB580}.Release|Any CPU.Build.0 = Release|Any CPU
		{E7C8719F-C64B-4DFE-8F6C-C3FE3ED5697B}.Debug|Any CPU.ActiveCfg = Debug|Any CPU
		{E7C8719F-C64B-4DFE-8F6C-C3FE3ED5697B}.Debug|Any CPU.Build.0 = Debug|Any CPU
		{E7C8719F-C64B-4DFE-8F6C-C3FE3ED5697B}.Release|Any CPU.ActiveCfg = Release|Any CPU
		{E7C8719F-C64B-4DFE-8F6C-C3FE3ED5697B}.Release|Any CPU.Build.0 = Release|Any CPU
		{1B19EFA0-47BB-4158-B872-AAD24B7CAA8E}.Debug|Any CPU.ActiveCfg = Debug|Any CPU
		{1B19EFA0-47BB-4158-B872-AAD24B7CAA8E}.Debug|Any CPU.Build.0 = Debug|Any CPU
		{1B19EFA0-47BB-4158-B872-AAD24B7CAA8E}.Release|Any CPU.ActiveCfg = Release|Any CPU
		{1B19EFA0-47BB-4158-B872-AAD24B7CAA8E}.Release|Any CPU.Build.0 = Release|Any CPU
		{44254B95-F44E-40F7-A46B-341A259FC143}.Debug|Any CPU.ActiveCfg = Debug|Any CPU
		{44254B95-F44E-40F7-A46B-341A259FC143}.Debug|Any CPU.Build.0 = Debug|Any CPU
		{44254B95-F44E-40F7-A46B-341A259FC143}.Release|Any CPU.ActiveCfg = Release|Any CPU
		{44254B95-F44E-40F7-A46B-341A259FC143}.Release|Any CPU.Build.0 = Release|Any CPU
		{4482DB4A-A24B-4947-BFCB-67A63AE6D7F3}.Debug|Any CPU.ActiveCfg = Debug|Any CPU
		{4482DB4A-A24B-4947-BFCB-67A63AE6D7F3}.Debug|Any CPU.Build.0 = Debug|Any CPU
		{4482DB4A-A24B-4947-BFCB-67A63AE6D7F3}.Release|Any CPU.ActiveCfg = Release|Any CPU
		{4482DB4A-A24B-4947-BFCB-67A63AE6D7F3}.Release|Any CPU.Build.0 = Release|Any CPU
		{AC3014DD-ED61-4F6A-ABAE-754D3CAD36D9}.Debug|Any CPU.ActiveCfg = Debug|Any CPU
		{AC3014DD-ED61-4F6A-ABAE-754D3CAD36D9}.Debug|Any CPU.Build.0 = Debug|Any CPU
		{AC3014DD-ED61-4F6A-ABAE-754D3CAD36D9}.Release|Any CPU.ActiveCfg = Release|Any CPU
		{AC3014DD-ED61-4F6A-ABAE-754D3CAD36D9}.Release|Any CPU.Build.0 = Release|Any CPU
		{C4C08C2F-E6E0-49AF-A87B-F0634C6D5241}.Debug|Any CPU.ActiveCfg = Debug|Any CPU
		{C4C08C2F-E6E0-49AF-A87B-F0634C6D5241}.Debug|Any CPU.Build.0 = Debug|Any CPU
		{C4C08C2F-E6E0-49AF-A87B-F0634C6D5241}.Release|Any CPU.ActiveCfg = Release|Any CPU
		{C4C08C2F-E6E0-49AF-A87B-F0634C6D5241}.Release|Any CPU.Build.0 = Release|Any CPU
		{C03796D4-A0FF-4779-99E9-7E4C4612F3CF}.Debug|Any CPU.ActiveCfg = Debug|Any CPU
		{C03796D4-A0FF-4779-99E9-7E4C4612F3CF}.Debug|Any CPU.Build.0 = Debug|Any CPU
		{C03796D4-A0FF-4779-99E9-7E4C4612F3CF}.Release|Any CPU.ActiveCfg = Release|Any CPU
		{C03796D4-A0FF-4779-99E9-7E4C4612F3CF}.Release|Any CPU.Build.0 = Release|Any CPU
		{A6C1642B-02B9-4356-9B6E-E85FD4081CE7}.Debug|Any CPU.ActiveCfg = Debug|Any CPU
		{A6C1642B-02B9-4356-9B6E-E85FD4081CE7}.Debug|Any CPU.Build.0 = Debug|Any CPU
		{A6C1642B-02B9-4356-9B6E-E85FD4081CE7}.Release|Any CPU.ActiveCfg = Release|Any CPU
		{A6C1642B-02B9-4356-9B6E-E85FD4081CE7}.Release|Any CPU.Build.0 = Release|Any CPU
		{A03BAA63-72AD-40F6-B767-84191517A91C}.Debug|Any CPU.ActiveCfg = Debug|Any CPU
		{A03BAA63-72AD-40F6-B767-84191517A91C}.Debug|Any CPU.Build.0 = Debug|Any CPU
		{A03BAA63-72AD-40F6-B767-84191517A91C}.Release|Any CPU.ActiveCfg = Release|Any CPU
		{A03BAA63-72AD-40F6-B767-84191517A91C}.Release|Any CPU.Build.0 = Release|Any CPU
		{CA31CF64-EF26-4D1A-AE0A-498B95376A99}.Debug|Any CPU.ActiveCfg = Debug|Any CPU
		{CA31CF64-EF26-4D1A-AE0A-498B95376A99}.Debug|Any CPU.Build.0 = Debug|Any CPU
		{CA31CF64-EF26-4D1A-AE0A-498B95376A99}.Release|Any CPU.ActiveCfg = Release|Any CPU
		{CA31CF64-EF26-4D1A-AE0A-498B95376A99}.Release|Any CPU.Build.0 = Release|Any CPU
		{FF4BDD9B-FF40-433D-A8D5-2D58F0BFF8F8}.Debug|Any CPU.ActiveCfg = Debug|Any CPU
		{FF4BDD9B-FF40-433D-A8D5-2D58F0BFF8F8}.Debug|Any CPU.Build.0 = Debug|Any CPU
		{FF4BDD9B-FF40-433D-A8D5-2D58F0BFF8F8}.Release|Any CPU.ActiveCfg = Release|Any CPU
		{FF4BDD9B-FF40-433D-A8D5-2D58F0BFF8F8}.Release|Any CPU.Build.0 = Release|Any CPU
		{5F579A0D-C36C-4109-9BA8-0695D621C53C}.Debug|Any CPU.ActiveCfg = Debug|Any CPU
		{5F579A0D-C36C-4109-9BA8-0695D621C53C}.Debug|Any CPU.Build.0 = Debug|Any CPU
		{5F579A0D-C36C-4109-9BA8-0695D621C53C}.Release|Any CPU.ActiveCfg = Release|Any CPU
		{5F579A0D-C36C-4109-9BA8-0695D621C53C}.Release|Any CPU.Build.0 = Release|Any CPU
		{6BE5E299-FA44-4CB6-BC15-0728F3E422FC}.Debug|Any CPU.ActiveCfg = Debug|Any CPU
		{6BE5E299-FA44-4CB6-BC15-0728F3E422FC}.Debug|Any CPU.Build.0 = Debug|Any CPU
		{6BE5E299-FA44-4CB6-BC15-0728F3E422FC}.Release|Any CPU.ActiveCfg = Release|Any CPU
		{6BE5E299-FA44-4CB6-BC15-0728F3E422FC}.Release|Any CPU.Build.0 = Release|Any CPU
		{C173FED1-4614-4501-9882-138E7AB19476}.Debug|Any CPU.ActiveCfg = Debug|Any CPU
		{C173FED1-4614-4501-9882-138E7AB19476}.Debug|Any CPU.Build.0 = Debug|Any CPU
		{C173FED1-4614-4501-9882-138E7AB19476}.Release|Any CPU.ActiveCfg = Release|Any CPU
		{C173FED1-4614-4501-9882-138E7AB19476}.Release|Any CPU.Build.0 = Release|Any CPU
		{3D837E70-D438-4D2F-B757-D3C3E4CFCB1A}.Debug|Any CPU.ActiveCfg = Debug|Any CPU
		{3D837E70-D438-4D2F-B757-D3C3E4CFCB1A}.Debug|Any CPU.Build.0 = Debug|Any CPU
		{3D837E70-D438-4D2F-B757-D3C3E4CFCB1A}.Release|Any CPU.ActiveCfg = Release|Any CPU
		{3D837E70-D438-4D2F-B757-D3C3E4CFCB1A}.Release|Any CPU.Build.0 = Release|Any CPU
		{F64E19BB-72FF-463F-827B-D5BEBA5CFFE4}.Debug|Any CPU.ActiveCfg = Debug|Any CPU
		{F64E19BB-72FF-463F-827B-D5BEBA5CFFE4}.Debug|Any CPU.Build.0 = Debug|Any CPU
		{F64E19BB-72FF-463F-827B-D5BEBA5CFFE4}.Release|Any CPU.ActiveCfg = Release|Any CPU
		{F64E19BB-72FF-463F-827B-D5BEBA5CFFE4}.Release|Any CPU.Build.0 = Release|Any CPU
		{1E15F87D-77CF-4AAD-AA03-8C29D8F7E0DD}.Debug|Any CPU.ActiveCfg = Debug|Any CPU
		{1E15F87D-77CF-4AAD-AA03-8C29D8F7E0DD}.Debug|Any CPU.Build.0 = Debug|Any CPU
		{1E15F87D-77CF-4AAD-AA03-8C29D8F7E0DD}.Release|Any CPU.ActiveCfg = Release|Any CPU
		{1E15F87D-77CF-4AAD-AA03-8C29D8F7E0DD}.Release|Any CPU.Build.0 = Release|Any CPU
		{DE42EA38-2B34-471F-98CB-5455DEC15A17}.Debug|Any CPU.ActiveCfg = Debug|Any CPU
		{DE42EA38-2B34-471F-98CB-5455DEC15A17}.Debug|Any CPU.Build.0 = Debug|Any CPU
		{DE42EA38-2B34-471F-98CB-5455DEC15A17}.Release|Any CPU.ActiveCfg = Release|Any CPU
		{DE42EA38-2B34-471F-98CB-5455DEC15A17}.Release|Any CPU.Build.0 = Release|Any CPU
		{E815BF97-3BB6-4EA4-A566-968022EC6B57}.Debug|Any CPU.ActiveCfg = Debug|Any CPU
		{E815BF97-3BB6-4EA4-A566-968022EC6B57}.Debug|Any CPU.Build.0 = Debug|Any CPU
		{E815BF97-3BB6-4EA4-A566-968022EC6B57}.Release|Any CPU.ActiveCfg = Release|Any CPU
		{E815BF97-3BB6-4EA4-A566-968022EC6B57}.Release|Any CPU.Build.0 = Release|Any CPU
		{D03F32EF-3FE2-4B89-8F3F-4CAC79CB1DD5}.Debug|Any CPU.ActiveCfg = Debug|Any CPU
		{D03F32EF-3FE2-4B89-8F3F-4CAC79CB1DD5}.Debug|Any CPU.Build.0 = Debug|Any CPU
		{D03F32EF-3FE2-4B89-8F3F-4CAC79CB1DD5}.Release|Any CPU.ActiveCfg = Release|Any CPU
		{D03F32EF-3FE2-4B89-8F3F-4CAC79CB1DD5}.Release|Any CPU.Build.0 = Release|Any CPU
		{42FDD289-DF88-4CB4-B128-92D1800B15DA}.Debug|Any CPU.ActiveCfg = Debug|Any CPU
		{42FDD289-DF88-4CB4-B128-92D1800B15DA}.Debug|Any CPU.Build.0 = Debug|Any CPU
		{42FDD289-DF88-4CB4-B128-92D1800B15DA}.Release|Any CPU.ActiveCfg = Release|Any CPU
		{42FDD289-DF88-4CB4-B128-92D1800B15DA}.Release|Any CPU.Build.0 = Release|Any CPU
		{010146C5-0F22-4B52-BE62-1B418DFC5E32}.Debug|Any CPU.ActiveCfg = Debug|Any CPU
		{010146C5-0F22-4B52-BE62-1B418DFC5E32}.Debug|Any CPU.Build.0 = Debug|Any CPU
		{010146C5-0F22-4B52-BE62-1B418DFC5E32}.Release|Any CPU.ActiveCfg = Release|Any CPU
		{010146C5-0F22-4B52-BE62-1B418DFC5E32}.Release|Any CPU.Build.0 = Release|Any CPU
		{E551074D-A6DE-4129-A060-5F3386975186}.Debug|Any CPU.ActiveCfg = Debug|Any CPU
		{E551074D-A6DE-4129-A060-5F3386975186}.Debug|Any CPU.Build.0 = Debug|Any CPU
		{E551074D-A6DE-4129-A060-5F3386975186}.Release|Any CPU.ActiveCfg = Release|Any CPU
		{E551074D-A6DE-4129-A060-5F3386975186}.Release|Any CPU.Build.0 = Release|Any CPU
		{BA27B8DC-7912-43D0-A226-9E08DEED30FD}.Debug|Any CPU.ActiveCfg = Debug|Any CPU
		{BA27B8DC-7912-43D0-A226-9E08DEED30FD}.Debug|Any CPU.Build.0 = Debug|Any CPU
		{BA27B8DC-7912-43D0-A226-9E08DEED30FD}.Release|Any CPU.ActiveCfg = Release|Any CPU
		{BA27B8DC-7912-43D0-A226-9E08DEED30FD}.Release|Any CPU.Build.0 = Release|Any CPU
		{727C70A9-3A7D-4574-8D58-E5E746A4D1B5}.Debug|Any CPU.ActiveCfg = Debug|Any CPU
		{727C70A9-3A7D-4574-8D58-E5E746A4D1B5}.Debug|Any CPU.Build.0 = Debug|Any CPU
		{727C70A9-3A7D-4574-8D58-E5E746A4D1B5}.Release|Any CPU.ActiveCfg = Release|Any CPU
		{727C70A9-3A7D-4574-8D58-E5E746A4D1B5}.Release|Any CPU.Build.0 = Release|Any CPU
		{F50A083F-46DB-44A9-97D2-E9EEFDADDF89}.Debug|Any CPU.ActiveCfg = Debug|Any CPU
		{F50A083F-46DB-44A9-97D2-E9EEFDADDF89}.Debug|Any CPU.Build.0 = Debug|Any CPU
		{F50A083F-46DB-44A9-97D2-E9EEFDADDF89}.Release|Any CPU.ActiveCfg = Release|Any CPU
		{F50A083F-46DB-44A9-97D2-E9EEFDADDF89}.Release|Any CPU.Build.0 = Release|Any CPU
		{1A4259D6-8102-4BEF-90CB-7E26502EC41F}.Debug|Any CPU.ActiveCfg = Debug|Any CPU
		{1A4259D6-8102-4BEF-90CB-7E26502EC41F}.Debug|Any CPU.Build.0 = Debug|Any CPU
		{1A4259D6-8102-4BEF-90CB-7E26502EC41F}.Release|Any CPU.ActiveCfg = Release|Any CPU
		{1A4259D6-8102-4BEF-90CB-7E26502EC41F}.Release|Any CPU.Build.0 = Release|Any CPU
		{561EF568-9E2E-4ABD-83BC-F37FAF63A6B6}.Debug|Any CPU.ActiveCfg = Debug|Any CPU
		{561EF568-9E2E-4ABD-83BC-F37FAF63A6B6}.Debug|Any CPU.Build.0 = Debug|Any CPU
		{561EF568-9E2E-4ABD-83BC-F37FAF63A6B6}.Release|Any CPU.ActiveCfg = Release|Any CPU
		{561EF568-9E2E-4ABD-83BC-F37FAF63A6B6}.Release|Any CPU.Build.0 = Release|Any CPU
		{3A0D5B52-C1A4-49FD-AD05-41B603CDAFF2}.Debug|Any CPU.ActiveCfg = Debug|Any CPU
		{3A0D5B52-C1A4-49FD-AD05-41B603CDAFF2}.Debug|Any CPU.Build.0 = Debug|Any CPU
		{3A0D5B52-C1A4-49FD-AD05-41B603CDAFF2}.Release|Any CPU.ActiveCfg = Release|Any CPU
		{3A0D5B52-C1A4-49FD-AD05-41B603CDAFF2}.Release|Any CPU.Build.0 = Release|Any CPU
		{E0ECA2EB-1162-4524-8F47-176F3D24898E}.Debug|Any CPU.ActiveCfg = Debug|Any CPU
		{E0ECA2EB-1162-4524-8F47-176F3D24898E}.Debug|Any CPU.Build.0 = Debug|Any CPU
		{E0ECA2EB-1162-4524-8F47-176F3D24898E}.Release|Any CPU.ActiveCfg = Release|Any CPU
		{E0ECA2EB-1162-4524-8F47-176F3D24898E}.Release|Any CPU.Build.0 = Release|Any CPU
		{7681D264-D794-40C2-BCB2-40D9CA639E94}.Debug|Any CPU.ActiveCfg = Debug|Any CPU
		{7681D264-D794-40C2-BCB2-40D9CA639E94}.Debug|Any CPU.Build.0 = Debug|Any CPU
		{7681D264-D794-40C2-BCB2-40D9CA639E94}.Release|Any CPU.ActiveCfg = Release|Any CPU
		{7681D264-D794-40C2-BCB2-40D9CA639E94}.Release|Any CPU.Build.0 = Release|Any CPU
		{9CB680FE-614D-47D6-A62B-9B8CADBECD26}.Debug|Any CPU.ActiveCfg = Debug|Any CPU
		{9CB680FE-614D-47D6-A62B-9B8CADBECD26}.Debug|Any CPU.Build.0 = Debug|Any CPU
		{9CB680FE-614D-47D6-A62B-9B8CADBECD26}.Release|Any CPU.ActiveCfg = Release|Any CPU
		{9CB680FE-614D-47D6-A62B-9B8CADBECD26}.Release|Any CPU.Build.0 = Release|Any CPU
		{3B5E6DDC-EE6B-48EC-B826-5D18ADA6BD60}.Debug|Any CPU.ActiveCfg = Debug|Any CPU
		{3B5E6DDC-EE6B-48EC-B826-5D18ADA6BD60}.Debug|Any CPU.Build.0 = Debug|Any CPU
		{3B5E6DDC-EE6B-48EC-B826-5D18ADA6BD60}.Release|Any CPU.ActiveCfg = Release|Any CPU
		{3B5E6DDC-EE6B-48EC-B826-5D18ADA6BD60}.Release|Any CPU.Build.0 = Release|Any CPU
		{EDC17C43-3914-4EEA-883F-42FEB72104D4}.Debug|Any CPU.ActiveCfg = Debug|Any CPU
		{EDC17C43-3914-4EEA-883F-42FEB72104D4}.Debug|Any CPU.Build.0 = Debug|Any CPU
		{EDC17C43-3914-4EEA-883F-42FEB72104D4}.Release|Any CPU.ActiveCfg = Release|Any CPU
		{EDC17C43-3914-4EEA-883F-42FEB72104D4}.Release|Any CPU.Build.0 = Release|Any CPU
		{C3443AAA-8351-4257-9F22-F03BE6508ADF}.Debug|Any CPU.ActiveCfg = Debug|Any CPU
		{C3443AAA-8351-4257-9F22-F03BE6508ADF}.Debug|Any CPU.Build.0 = Debug|Any CPU
		{C3443AAA-8351-4257-9F22-F03BE6508ADF}.Release|Any CPU.ActiveCfg = Release|Any CPU
		{C3443AAA-8351-4257-9F22-F03BE6508ADF}.Release|Any CPU.Build.0 = Release|Any CPU
		{2FD84DC9-4B23-4EA8-A363-293A34D6C2A3}.Debug|Any CPU.ActiveCfg = Debug|Any CPU
		{2FD84DC9-4B23-4EA8-A363-293A34D6C2A3}.Debug|Any CPU.Build.0 = Debug|Any CPU
		{2FD84DC9-4B23-4EA8-A363-293A34D6C2A3}.Release|Any CPU.ActiveCfg = Release|Any CPU
		{2FD84DC9-4B23-4EA8-A363-293A34D6C2A3}.Release|Any CPU.Build.0 = Release|Any CPU
		{C10CA0FF-56E8-4F75-A0BD-15E24F934A27}.Debug|Any CPU.ActiveCfg = Debug|Any CPU
		{C10CA0FF-56E8-4F75-A0BD-15E24F934A27}.Debug|Any CPU.Build.0 = Debug|Any CPU
		{C10CA0FF-56E8-4F75-A0BD-15E24F934A27}.Release|Any CPU.ActiveCfg = Release|Any CPU
		{C10CA0FF-56E8-4F75-A0BD-15E24F934A27}.Release|Any CPU.Build.0 = Release|Any CPU
		{F197466D-F56A-4444-87F0-78F1A579BAD2}.Debug|Any CPU.ActiveCfg = Debug|Any CPU
		{F197466D-F56A-4444-87F0-78F1A579BAD2}.Debug|Any CPU.Build.0 = Debug|Any CPU
		{F197466D-F56A-4444-87F0-78F1A579BAD2}.Release|Any CPU.ActiveCfg = Release|Any CPU
		{F197466D-F56A-4444-87F0-78F1A579BAD2}.Release|Any CPU.Build.0 = Release|Any CPU
		{593F830C-D7C4-4605-B2AA-2AADFA3057F5}.Debug|Any CPU.ActiveCfg = Debug|Any CPU
		{593F830C-D7C4-4605-B2AA-2AADFA3057F5}.Debug|Any CPU.Build.0 = Debug|Any CPU
		{593F830C-D7C4-4605-B2AA-2AADFA3057F5}.Release|Any CPU.ActiveCfg = Release|Any CPU
		{593F830C-D7C4-4605-B2AA-2AADFA3057F5}.Release|Any CPU.Build.0 = Release|Any CPU
		{706218E5-04BA-45AB-AB46-6CE2E4A38748}.Debug|Any CPU.ActiveCfg = Debug|Any CPU
		{706218E5-04BA-45AB-AB46-6CE2E4A38748}.Debug|Any CPU.Build.0 = Debug|Any CPU
		{706218E5-04BA-45AB-AB46-6CE2E4A38748}.Release|Any CPU.ActiveCfg = Release|Any CPU
		{706218E5-04BA-45AB-AB46-6CE2E4A38748}.Release|Any CPU.Build.0 = Release|Any CPU
		{7E0A28EA-77C0-455A-8F96-6C23885D3C92}.Debug|Any CPU.ActiveCfg = Debug|Any CPU
		{7E0A28EA-77C0-455A-8F96-6C23885D3C92}.Debug|Any CPU.Build.0 = Debug|Any CPU
		{7E0A28EA-77C0-455A-8F96-6C23885D3C92}.Release|Any CPU.ActiveCfg = Release|Any CPU
		{7E0A28EA-77C0-455A-8F96-6C23885D3C92}.Release|Any CPU.Build.0 = Release|Any CPU
		{46B97D1E-7587-41B6-960B-A6563BAC2020}.Debug|Any CPU.ActiveCfg = Debug|Any CPU
		{46B97D1E-7587-41B6-960B-A6563BAC2020}.Debug|Any CPU.Build.0 = Debug|Any CPU
		{46B97D1E-7587-41B6-960B-A6563BAC2020}.Release|Any CPU.ActiveCfg = Release|Any CPU
		{46B97D1E-7587-41B6-960B-A6563BAC2020}.Release|Any CPU.Build.0 = Release|Any CPU
		{BC103358-55FB-4BF9-A2B8-9098113CA0D2}.Debug|Any CPU.ActiveCfg = Debug|Any CPU
		{BC103358-55FB-4BF9-A2B8-9098113CA0D2}.Debug|Any CPU.Build.0 = Debug|Any CPU
		{BC103358-55FB-4BF9-A2B8-9098113CA0D2}.Release|Any CPU.ActiveCfg = Release|Any CPU
		{BC103358-55FB-4BF9-A2B8-9098113CA0D2}.Release|Any CPU.Build.0 = Release|Any CPU
		{7D478A43-7FA3-4297-922E-1FC815071D56}.Debug|Any CPU.ActiveCfg = Debug|Any CPU
		{7D478A43-7FA3-4297-922E-1FC815071D56}.Debug|Any CPU.Build.0 = Debug|Any CPU
		{7D478A43-7FA3-4297-922E-1FC815071D56}.Release|Any CPU.ActiveCfg = Release|Any CPU
		{7D478A43-7FA3-4297-922E-1FC815071D56}.Release|Any CPU.Build.0 = Release|Any CPU
		{1D436CAD-975E-4195-B89B-67AD803955E5}.Debug|Any CPU.ActiveCfg = Debug|Any CPU
		{1D436CAD-975E-4195-B89B-67AD803955E5}.Debug|Any CPU.Build.0 = Debug|Any CPU
		{1D436CAD-975E-4195-B89B-67AD803955E5}.Release|Any CPU.ActiveCfg = Release|Any CPU
		{1D436CAD-975E-4195-B89B-67AD803955E5}.Release|Any CPU.Build.0 = Release|Any CPU
		{FC9D9B23-DE89-4ACF-906F-9B4FB9E8E59A}.Debug|Any CPU.ActiveCfg = Debug|Any CPU
		{FC9D9B23-DE89-4ACF-906F-9B4FB9E8E59A}.Debug|Any CPU.Build.0 = Debug|Any CPU
		{FC9D9B23-DE89-4ACF-906F-9B4FB9E8E59A}.Release|Any CPU.ActiveCfg = Release|Any CPU
		{FC9D9B23-DE89-4ACF-906F-9B4FB9E8E59A}.Release|Any CPU.Build.0 = Release|Any CPU
		{78E56FEE-63A8-4910-A5E9-566D8F4CAE89}.Debug|Any CPU.ActiveCfg = Debug|Any CPU
		{78E56FEE-63A8-4910-A5E9-566D8F4CAE89}.Debug|Any CPU.Build.0 = Debug|Any CPU
		{78E56FEE-63A8-4910-A5E9-566D8F4CAE89}.Release|Any CPU.ActiveCfg = Release|Any CPU
		{78E56FEE-63A8-4910-A5E9-566D8F4CAE89}.Release|Any CPU.Build.0 = Release|Any CPU
		{ABD7CFEC-EBBD-4384-8B4F-F2C1DED785B7}.Debug|Any CPU.ActiveCfg = Debug|Any CPU
		{ABD7CFEC-EBBD-4384-8B4F-F2C1DED785B7}.Debug|Any CPU.Build.0 = Debug|Any CPU
		{ABD7CFEC-EBBD-4384-8B4F-F2C1DED785B7}.Release|Any CPU.ActiveCfg = Release|Any CPU
		{ABD7CFEC-EBBD-4384-8B4F-F2C1DED785B7}.Release|Any CPU.Build.0 = Release|Any CPU
		{98278EC0-CD4F-4CEF-811B-D2CAA5DA9A5C}.Debug|Any CPU.ActiveCfg = Debug|Any CPU
		{98278EC0-CD4F-4CEF-811B-D2CAA5DA9A5C}.Debug|Any CPU.Build.0 = Debug|Any CPU
		{98278EC0-CD4F-4CEF-811B-D2CAA5DA9A5C}.Release|Any CPU.ActiveCfg = Release|Any CPU
		{98278EC0-CD4F-4CEF-811B-D2CAA5DA9A5C}.Release|Any CPU.Build.0 = Release|Any CPU
		{06C8DCAC-B6A6-4D5A-9A0F-FEFAA0210E15}.Debug|Any CPU.ActiveCfg = Debug|Any CPU
		{06C8DCAC-B6A6-4D5A-9A0F-FEFAA0210E15}.Debug|Any CPU.Build.0 = Debug|Any CPU
		{06C8DCAC-B6A6-4D5A-9A0F-FEFAA0210E15}.Release|Any CPU.ActiveCfg = Release|Any CPU
		{06C8DCAC-B6A6-4D5A-9A0F-FEFAA0210E15}.Release|Any CPU.Build.0 = Release|Any CPU
		{7952CD35-3DF5-4A97-ADA3-4B9C0C977D4E}.Debug|Any CPU.ActiveCfg = Debug|Any CPU
		{7952CD35-3DF5-4A97-ADA3-4B9C0C977D4E}.Debug|Any CPU.Build.0 = Debug|Any CPU
		{7952CD35-3DF5-4A97-ADA3-4B9C0C977D4E}.Release|Any CPU.ActiveCfg = Release|Any CPU
		{7952CD35-3DF5-4A97-ADA3-4B9C0C977D4E}.Release|Any CPU.Build.0 = Release|Any CPU
		{8BD58074-CB8D-4FEF-80CE-32103E866DFE}.Debug|Any CPU.ActiveCfg = Debug|Any CPU
		{8BD58074-CB8D-4FEF-80CE-32103E866DFE}.Debug|Any CPU.Build.0 = Debug|Any CPU
		{8BD58074-CB8D-4FEF-80CE-32103E866DFE}.Release|Any CPU.ActiveCfg = Release|Any CPU
		{8BD58074-CB8D-4FEF-80CE-32103E866DFE}.Release|Any CPU.Build.0 = Release|Any CPU
		{C3B1AFB8-6A65-4B2C-8E5D-9BF1CB6A2659}.Debug|Any CPU.ActiveCfg = Debug|Any CPU
		{C3B1AFB8-6A65-4B2C-8E5D-9BF1CB6A2659}.Debug|Any CPU.Build.0 = Debug|Any CPU
		{C3B1AFB8-6A65-4B2C-8E5D-9BF1CB6A2659}.Release|Any CPU.ActiveCfg = Release|Any CPU
		{C3B1AFB8-6A65-4B2C-8E5D-9BF1CB6A2659}.Release|Any CPU.Build.0 = Release|Any CPU
		{63783528-08B4-4851-BDBC-FC3D0E284095}.Debug|Any CPU.ActiveCfg = Debug|Any CPU
		{63783528-08B4-4851-BDBC-FC3D0E284095}.Debug|Any CPU.Build.0 = Debug|Any CPU
		{63783528-08B4-4851-BDBC-FC3D0E284095}.Release|Any CPU.ActiveCfg = Release|Any CPU
		{63783528-08B4-4851-BDBC-FC3D0E284095}.Release|Any CPU.Build.0 = Release|Any CPU
		{7CDA94E3-4673-433F-8718-B27E56BE8266}.Debug|Any CPU.ActiveCfg = Debug|Any CPU
		{7CDA94E3-4673-433F-8718-B27E56BE8266}.Debug|Any CPU.Build.0 = Debug|Any CPU
		{7CDA94E3-4673-433F-8718-B27E56BE8266}.Release|Any CPU.ActiveCfg = Release|Any CPU
		{7CDA94E3-4673-433F-8718-B27E56BE8266}.Release|Any CPU.Build.0 = Release|Any CPU
		{9E9808F7-A6B8-491D-B1D6-40CAA173CB27}.Debug|Any CPU.ActiveCfg = Debug|Any CPU
		{9E9808F7-A6B8-491D-B1D6-40CAA173CB27}.Debug|Any CPU.Build.0 = Debug|Any CPU
		{9E9808F7-A6B8-491D-B1D6-40CAA173CB27}.Release|Any CPU.ActiveCfg = Release|Any CPU
		{9E9808F7-A6B8-491D-B1D6-40CAA173CB27}.Release|Any CPU.Build.0 = Release|Any CPU
		{FF53D3CF-860C-40D4-9468-9368E54B1A15}.Debug|Any CPU.ActiveCfg = Debug|Any CPU
		{FF53D3CF-860C-40D4-9468-9368E54B1A15}.Debug|Any CPU.Build.0 = Debug|Any CPU
		{FF53D3CF-860C-40D4-9468-9368E54B1A15}.Release|Any CPU.ActiveCfg = Release|Any CPU
		{FF53D3CF-860C-40D4-9468-9368E54B1A15}.Release|Any CPU.Build.0 = Release|Any CPU
		{CA5537C0-1525-4408-BB3A-C8C37E305624}.Debug|Any CPU.ActiveCfg = Debug|Any CPU
		{CA5537C0-1525-4408-BB3A-C8C37E305624}.Debug|Any CPU.Build.0 = Debug|Any CPU
		{CA5537C0-1525-4408-BB3A-C8C37E305624}.Release|Any CPU.ActiveCfg = Release|Any CPU
		{CA5537C0-1525-4408-BB3A-C8C37E305624}.Release|Any CPU.Build.0 = Release|Any CPU
		{A10B6134-314C-4FDB-87C3-D6452F178821}.Debug|Any CPU.ActiveCfg = Debug|Any CPU
		{A10B6134-314C-4FDB-87C3-D6452F178821}.Debug|Any CPU.Build.0 = Debug|Any CPU
		{A10B6134-314C-4FDB-87C3-D6452F178821}.Release|Any CPU.ActiveCfg = Release|Any CPU
		{A10B6134-314C-4FDB-87C3-D6452F178821}.Release|Any CPU.Build.0 = Release|Any CPU
		{ABD153E9-F2C6-4CFE-8814-8B1B51B8772A}.Debug|Any CPU.ActiveCfg = Debug|Any CPU
		{ABD153E9-F2C6-4CFE-8814-8B1B51B8772A}.Debug|Any CPU.Build.0 = Debug|Any CPU
		{ABD153E9-F2C6-4CFE-8814-8B1B51B8772A}.Release|Any CPU.ActiveCfg = Release|Any CPU
		{ABD153E9-F2C6-4CFE-8814-8B1B51B8772A}.Release|Any CPU.Build.0 = Release|Any CPU
		{B815B6C1-13C7-4405-8558-F92EA4723FA9}.Debug|Any CPU.ActiveCfg = Debug|Any CPU
		{B815B6C1-13C7-4405-8558-F92EA4723FA9}.Debug|Any CPU.Build.0 = Debug|Any CPU
		{B815B6C1-13C7-4405-8558-F92EA4723FA9}.Release|Any CPU.ActiveCfg = Release|Any CPU
		{B815B6C1-13C7-4405-8558-F92EA4723FA9}.Release|Any CPU.Build.0 = Release|Any CPU
		{43028E84-5906-409D-A45B-9874029D72F5}.Debug|Any CPU.ActiveCfg = Debug|Any CPU
		{43028E84-5906-409D-A45B-9874029D72F5}.Debug|Any CPU.Build.0 = Debug|Any CPU
		{43028E84-5906-409D-A45B-9874029D72F5}.Release|Any CPU.ActiveCfg = Release|Any CPU
		{43028E84-5906-409D-A45B-9874029D72F5}.Release|Any CPU.Build.0 = Release|Any CPU
		{EBB5490E-98C2-4F1B-A710-80FF12ADC7D9}.Debug|Any CPU.ActiveCfg = Debug|Any CPU
		{EBB5490E-98C2-4F1B-A710-80FF12ADC7D9}.Debug|Any CPU.Build.0 = Debug|Any CPU
		{EBB5490E-98C2-4F1B-A710-80FF12ADC7D9}.Release|Any CPU.ActiveCfg = Release|Any CPU
		{EBB5490E-98C2-4F1B-A710-80FF12ADC7D9}.Release|Any CPU.Build.0 = Release|Any CPU
		{2DB707F3-9C53-4347-9C56-078B59735036}.Debug|Any CPU.ActiveCfg = Debug|Any CPU
		{2DB707F3-9C53-4347-9C56-078B59735036}.Debug|Any CPU.Build.0 = Debug|Any CPU
		{2DB707F3-9C53-4347-9C56-078B59735036}.Release|Any CPU.ActiveCfg = Release|Any CPU
		{2DB707F3-9C53-4347-9C56-078B59735036}.Release|Any CPU.Build.0 = Release|Any CPU
		{A112064A-8831-49D3-9BA4-FB9173615F9D}.Debug|Any CPU.ActiveCfg = Debug|Any CPU
		{A112064A-8831-49D3-9BA4-FB9173615F9D}.Debug|Any CPU.Build.0 = Debug|Any CPU
		{A112064A-8831-49D3-9BA4-FB9173615F9D}.Release|Any CPU.ActiveCfg = Release|Any CPU
		{A112064A-8831-49D3-9BA4-FB9173615F9D}.Release|Any CPU.Build.0 = Release|Any CPU
		{4D5C7A71-9F07-4BC8-86FA-051FF37E99D7}.Debug|Any CPU.ActiveCfg = Debug|Any CPU
		{4D5C7A71-9F07-4BC8-86FA-051FF37E99D7}.Debug|Any CPU.Build.0 = Debug|Any CPU
		{4D5C7A71-9F07-4BC8-86FA-051FF37E99D7}.Release|Any CPU.ActiveCfg = Release|Any CPU
		{4D5C7A71-9F07-4BC8-86FA-051FF37E99D7}.Release|Any CPU.Build.0 = Release|Any CPU
		{264152C4-2160-4AD6-AB22-E3BC5D617133}.Debug|Any CPU.ActiveCfg = Debug|Any CPU
		{264152C4-2160-4AD6-AB22-E3BC5D617133}.Debug|Any CPU.Build.0 = Debug|Any CPU
		{264152C4-2160-4AD6-AB22-E3BC5D617133}.Release|Any CPU.ActiveCfg = Release|Any CPU
		{264152C4-2160-4AD6-AB22-E3BC5D617133}.Release|Any CPU.Build.0 = Release|Any CPU
		{BF3D802E-AA04-4713-98B9-AFD4A0BFBA29}.Debug|Any CPU.ActiveCfg = Debug|Any CPU
		{BF3D802E-AA04-4713-98B9-AFD4A0BFBA29}.Debug|Any CPU.Build.0 = Debug|Any CPU
		{BF3D802E-AA04-4713-98B9-AFD4A0BFBA29}.Release|Any CPU.ActiveCfg = Release|Any CPU
		{BF3D802E-AA04-4713-98B9-AFD4A0BFBA29}.Release|Any CPU.Build.0 = Release|Any CPU
		{0BA51743-774D-4669-BAA8-D5898712FBD9}.Debug|Any CPU.ActiveCfg = Debug|Any CPU
		{0BA51743-774D-4669-BAA8-D5898712FBD9}.Debug|Any CPU.Build.0 = Debug|Any CPU
		{0BA51743-774D-4669-BAA8-D5898712FBD9}.Release|Any CPU.ActiveCfg = Release|Any CPU
		{0BA51743-774D-4669-BAA8-D5898712FBD9}.Release|Any CPU.Build.0 = Release|Any CPU
		{09290F84-37D1-4853-AD1B-474CCB4ADA57}.Debug|Any CPU.ActiveCfg = Debug|Any CPU
		{09290F84-37D1-4853-AD1B-474CCB4ADA57}.Debug|Any CPU.Build.0 = Debug|Any CPU
		{09290F84-37D1-4853-AD1B-474CCB4ADA57}.Release|Any CPU.ActiveCfg = Release|Any CPU
		{09290F84-37D1-4853-AD1B-474CCB4ADA57}.Release|Any CPU.Build.0 = Release|Any CPU
		{A565E33A-50E5-4CD2-B4A9-459ECEE8CE4A}.Debug|Any CPU.ActiveCfg = Debug|Any CPU
		{A565E33A-50E5-4CD2-B4A9-459ECEE8CE4A}.Debug|Any CPU.Build.0 = Debug|Any CPU
		{A565E33A-50E5-4CD2-B4A9-459ECEE8CE4A}.Release|Any CPU.ActiveCfg = Release|Any CPU
		{A565E33A-50E5-4CD2-B4A9-459ECEE8CE4A}.Release|Any CPU.Build.0 = Release|Any CPU
		{A237D822-95FF-4826-8822-14A8D2EA103D}.Debug|Any CPU.ActiveCfg = Debug|Any CPU
		{A237D822-95FF-4826-8822-14A8D2EA103D}.Debug|Any CPU.Build.0 = Debug|Any CPU
		{A237D822-95FF-4826-8822-14A8D2EA103D}.Release|Any CPU.ActiveCfg = Release|Any CPU
		{A237D822-95FF-4826-8822-14A8D2EA103D}.Release|Any CPU.Build.0 = Release|Any CPU
		{B42B3E38-6EE8-4955-8C15-8C51D92E9B5D}.Debug|Any CPU.ActiveCfg = Debug|Any CPU
		{B42B3E38-6EE8-4955-8C15-8C51D92E9B5D}.Debug|Any CPU.Build.0 = Debug|Any CPU
		{B42B3E38-6EE8-4955-8C15-8C51D92E9B5D}.Release|Any CPU.ActiveCfg = Release|Any CPU
		{B42B3E38-6EE8-4955-8C15-8C51D92E9B5D}.Release|Any CPU.Build.0 = Release|Any CPU
		{0C2F2D8D-5303-499C-8785-2A81A582559B}.Debug|Any CPU.ActiveCfg = Debug|Any CPU
		{0C2F2D8D-5303-499C-8785-2A81A582559B}.Debug|Any CPU.Build.0 = Debug|Any CPU
		{0C2F2D8D-5303-499C-8785-2A81A582559B}.Release|Any CPU.ActiveCfg = Release|Any CPU
		{0C2F2D8D-5303-499C-8785-2A81A582559B}.Release|Any CPU.Build.0 = Release|Any CPU
		{4EF86FF9-A13C-4148-AFA4-0754F3D92520}.Debug|Any CPU.ActiveCfg = Debug|Any CPU
		{4EF86FF9-A13C-4148-AFA4-0754F3D92520}.Debug|Any CPU.Build.0 = Debug|Any CPU
		{4EF86FF9-A13C-4148-AFA4-0754F3D92520}.Release|Any CPU.ActiveCfg = Release|Any CPU
		{4EF86FF9-A13C-4148-AFA4-0754F3D92520}.Release|Any CPU.Build.0 = Release|Any CPU
		{EF647E90-EAD6-4DC0-8772-5720D8426FF2}.Debug|Any CPU.ActiveCfg = Debug|Any CPU
		{EF647E90-EAD6-4DC0-8772-5720D8426FF2}.Debug|Any CPU.Build.0 = Debug|Any CPU
		{EF647E90-EAD6-4DC0-8772-5720D8426FF2}.Release|Any CPU.ActiveCfg = Release|Any CPU
		{EF647E90-EAD6-4DC0-8772-5720D8426FF2}.Release|Any CPU.Build.0 = Release|Any CPU
	EndGlobalSection
	GlobalSection(SolutionProperties) = preSolution
		HideSolutionNode = FALSE
	EndGlobalSection
	GlobalSection(ExtensibilityGlobals) = postSolution
		SolutionGuid = {8D691A74-DA6B-422E-9E84-4C069B7FDE74}
	EndGlobalSection
	GlobalSection(NestedProjects) = preSolution
		{A237D822-95FF-4826-8822-14A8D2EA103D} = {59CA141F-D6E3-4DF3-BD3C-0D351A8CB28B}
		{09290F84-37D1-4853-AD1B-474CCB4ADA57} = {59CA141F-D6E3-4DF3-BD3C-0D351A8CB28B}
		{BF3D802E-AA04-4713-98B9-AFD4A0BFBA29} = {59CA141F-D6E3-4DF3-BD3C-0D351A8CB28B}
		{0BA51743-774D-4669-BAA8-D5898712FBD9} = {59CA141F-D6E3-4DF3-BD3C-0D351A8CB28B}
		{A565E33A-50E5-4CD2-B4A9-459ECEE8CE4A} = {59CA141F-D6E3-4DF3-BD3C-0D351A8CB28B}
		{B42B3E38-6EE8-4955-8C15-8C51D92E9B5D} = {59CA141F-D6E3-4DF3-BD3C-0D351A8CB28B}
		{0C2F2D8D-5303-499C-8785-2A81A582559B} = {59CA141F-D6E3-4DF3-BD3C-0D351A8CB28B}
		{4D5C7A71-9F07-4BC8-86FA-051FF37E99D7} = {683ED1DF-6E5C-4B0E-ABDA-ED1F685FB05D}
		{264152C4-2160-4AD6-AB22-E3BC5D617133} = {683ED1DF-6E5C-4B0E-ABDA-ED1F685FB05D}
		{43028E84-5906-409D-A45B-9874029D72F5} = {683ED1DF-6E5C-4B0E-ABDA-ED1F685FB05D}
		{A112064A-8831-49D3-9BA4-FB9173615F9D} = {683ED1DF-6E5C-4B0E-ABDA-ED1F685FB05D}
		{ABD153E9-F2C6-4CFE-8814-8B1B51B8772A} = {683ED1DF-6E5C-4B0E-ABDA-ED1F685FB05D}
		{2DB707F3-9C53-4347-9C56-078B59735036} = {683ED1DF-6E5C-4B0E-ABDA-ED1F685FB05D}
		{EBB5490E-98C2-4F1B-A710-80FF12ADC7D9} = {683ED1DF-6E5C-4B0E-ABDA-ED1F685FB05D}
		{CA5537C0-1525-4408-BB3A-C8C37E305624} = {683ED1DF-6E5C-4B0E-ABDA-ED1F685FB05D}
		{B815B6C1-13C7-4405-8558-F92EA4723FA9} = {683ED1DF-6E5C-4B0E-ABDA-ED1F685FB05D}
		{A10B6134-314C-4FDB-87C3-D6452F178821} = {683ED1DF-6E5C-4B0E-ABDA-ED1F685FB05D}
		{98278EC0-CD4F-4CEF-811B-D2CAA5DA9A5C} = {AE819774-139F-45B2-9F6A-A11721D02998}
		{C3B1AFB8-6A65-4B2C-8E5D-9BF1CB6A2659} = {AE819774-139F-45B2-9F6A-A11721D02998}
		{8BD58074-CB8D-4FEF-80CE-32103E866DFE} = {AE819774-139F-45B2-9F6A-A11721D02998}
		{7CDA94E3-4673-433F-8718-B27E56BE8266} = {AE819774-139F-45B2-9F6A-A11721D02998}
		{9E9808F7-A6B8-491D-B1D6-40CAA173CB27} = {AE819774-139F-45B2-9F6A-A11721D02998}
		{FF53D3CF-860C-40D4-9468-9368E54B1A15} = {AE819774-139F-45B2-9F6A-A11721D02998}
		{06C8DCAC-B6A6-4D5A-9A0F-FEFAA0210E15} = {AE819774-139F-45B2-9F6A-A11721D02998}
		{63783528-08B4-4851-BDBC-FC3D0E284095} = {AE819774-139F-45B2-9F6A-A11721D02998}
		{7952CD35-3DF5-4A97-ADA3-4B9C0C977D4E} = {AE819774-139F-45B2-9F6A-A11721D02998}
		{FC9D9B23-DE89-4ACF-906F-9B4FB9E8E59A} = {F83E81B1-D021-4CC6-A79C-686BE7273C74}
		{1D436CAD-975E-4195-B89B-67AD803955E5} = {F83E81B1-D021-4CC6-A79C-686BE7273C74}
		{7D478A43-7FA3-4297-922E-1FC815071D56} = {F83E81B1-D021-4CC6-A79C-686BE7273C74}
		{ABD7CFEC-EBBD-4384-8B4F-F2C1DED785B7} = {F83E81B1-D021-4CC6-A79C-686BE7273C74}
		{78E56FEE-63A8-4910-A5E9-566D8F4CAE89} = {F83E81B1-D021-4CC6-A79C-686BE7273C74}
		{F197466D-F56A-4444-87F0-78F1A579BAD2} = {25B373E0-5A48-4659-8A2E-CEC50C8B5E7C}
		{C10CA0FF-56E8-4F75-A0BD-15E24F934A27} = {25B373E0-5A48-4659-8A2E-CEC50C8B5E7C}
		{7E0A28EA-77C0-455A-8F96-6C23885D3C92} = {25B373E0-5A48-4659-8A2E-CEC50C8B5E7C}
		{46B97D1E-7587-41B6-960B-A6563BAC2020} = {25B373E0-5A48-4659-8A2E-CEC50C8B5E7C}
		{9CB680FE-614D-47D6-A62B-9B8CADBECD26} = {25B373E0-5A48-4659-8A2E-CEC50C8B5E7C}
		{2FD84DC9-4B23-4EA8-A363-293A34D6C2A3} = {25B373E0-5A48-4659-8A2E-CEC50C8B5E7C}
		{E0ECA2EB-1162-4524-8F47-176F3D24898E} = {25B373E0-5A48-4659-8A2E-CEC50C8B5E7C}
		{EDC17C43-3914-4EEA-883F-42FEB72104D4} = {25B373E0-5A48-4659-8A2E-CEC50C8B5E7C}
		{3B5E6DDC-EE6B-48EC-B826-5D18ADA6BD60} = {25B373E0-5A48-4659-8A2E-CEC50C8B5E7C}
		{706218E5-04BA-45AB-AB46-6CE2E4A38748} = {25B373E0-5A48-4659-8A2E-CEC50C8B5E7C}
		{7681D264-D794-40C2-BCB2-40D9CA639E94} = {25B373E0-5A48-4659-8A2E-CEC50C8B5E7C}
		{561EF568-9E2E-4ABD-83BC-F37FAF63A6B6} = {25B373E0-5A48-4659-8A2E-CEC50C8B5E7C}
		{593F830C-D7C4-4605-B2AA-2AADFA3057F5} = {25B373E0-5A48-4659-8A2E-CEC50C8B5E7C}
		{C3443AAA-8351-4257-9F22-F03BE6508ADF} = {25B373E0-5A48-4659-8A2E-CEC50C8B5E7C}
		{3A0D5B52-C1A4-49FD-AD05-41B603CDAFF2} = {25B373E0-5A48-4659-8A2E-CEC50C8B5E7C}
		{BC103358-55FB-4BF9-A2B8-9098113CA0D2} = {25B373E0-5A48-4659-8A2E-CEC50C8B5E7C}
		{F50A083F-46DB-44A9-97D2-E9EEFDADDF89} = {BDABACE7-C654-497E-9564-87666D7BF07D}
		{1A4259D6-8102-4BEF-90CB-7E26502EC41F} = {BDABACE7-C654-497E-9564-87666D7BF07D}
		{E551074D-A6DE-4129-A060-5F3386975186} = {BDABACE7-C654-497E-9564-87666D7BF07D}
		{D03F32EF-3FE2-4B89-8F3F-4CAC79CB1DD5} = {BDABACE7-C654-497E-9564-87666D7BF07D}
		{010146C5-0F22-4B52-BE62-1B418DFC5E32} = {BDABACE7-C654-497E-9564-87666D7BF07D}
		{DE42EA38-2B34-471F-98CB-5455DEC15A17} = {BDABACE7-C654-497E-9564-87666D7BF07D}
		{E815BF97-3BB6-4EA4-A566-968022EC6B57} = {BDABACE7-C654-497E-9564-87666D7BF07D}
		{727C70A9-3A7D-4574-8D58-E5E746A4D1B5} = {BDABACE7-C654-497E-9564-87666D7BF07D}
		{BA27B8DC-7912-43D0-A226-9E08DEED30FD} = {BDABACE7-C654-497E-9564-87666D7BF07D}
		{42FDD289-DF88-4CB4-B128-92D1800B15DA} = {BDABACE7-C654-497E-9564-87666D7BF07D}
		{5F579A0D-C36C-4109-9BA8-0695D621C53C} = {26FE8D6B-31ED-4F15-9959-FEAA33D09CEA}
		{C173FED1-4614-4501-9882-138E7AB19476} = {26FE8D6B-31ED-4F15-9959-FEAA33D09CEA}
		{F64E19BB-72FF-463F-827B-D5BEBA5CFFE4} = {26FE8D6B-31ED-4F15-9959-FEAA33D09CEA}
		{6BE5E299-FA44-4CB6-BC15-0728F3E422FC} = {26FE8D6B-31ED-4F15-9959-FEAA33D09CEA}
		{A03BAA63-72AD-40F6-B767-84191517A91C} = {26FE8D6B-31ED-4F15-9959-FEAA33D09CEA}
		{1E15F87D-77CF-4AAD-AA03-8C29D8F7E0DD} = {26FE8D6B-31ED-4F15-9959-FEAA33D09CEA}
		{3D837E70-D438-4D2F-B757-D3C3E4CFCB1A} = {26FE8D6B-31ED-4F15-9959-FEAA33D09CEA}
		{FF4BDD9B-FF40-433D-A8D5-2D58F0BFF8F8} = {26FE8D6B-31ED-4F15-9959-FEAA33D09CEA}
		{CA31CF64-EF26-4D1A-AE0A-498B95376A99} = {26FE8D6B-31ED-4F15-9959-FEAA33D09CEA}
		{A6C1642B-02B9-4356-9B6E-E85FD4081CE7} = {C6206503-0AFB-4C64-AD6C-A0E444D9D3F8}
		{4482DB4A-A24B-4947-BFCB-67A63AE6D7F3} = {C6206503-0AFB-4C64-AD6C-A0E444D9D3F8}
		{1B19EFA0-47BB-4158-B872-AAD24B7CAA8E} = {C6206503-0AFB-4C64-AD6C-A0E444D9D3F8}
		{E7C8719F-C64B-4DFE-8F6C-C3FE3ED5697B} = {C6206503-0AFB-4C64-AD6C-A0E444D9D3F8}
		{C4C08C2F-E6E0-49AF-A87B-F0634C6D5241} = {C6206503-0AFB-4C64-AD6C-A0E444D9D3F8}
		{388C8F63-3B13-408D-B40D-439DC1A3F145} = {C6206503-0AFB-4C64-AD6C-A0E444D9D3F8}
		{AA943E16-A545-4E9F-8CA8-FB676358587D} = {C6206503-0AFB-4C64-AD6C-A0E444D9D3F8}
		{44254B95-F44E-40F7-A46B-341A259FC143} = {C6206503-0AFB-4C64-AD6C-A0E444D9D3F8}
		{C03796D4-A0FF-4779-99E9-7E4C4612F3CF} = {C6206503-0AFB-4C64-AD6C-A0E444D9D3F8}
		{AC3014DD-ED61-4F6A-ABAE-754D3CAD36D9} = {C6206503-0AFB-4C64-AD6C-A0E444D9D3F8}
		{6D726E96-6E23-41FA-B2C9-36C02A2CB580} = {C6206503-0AFB-4C64-AD6C-A0E444D9D3F8}
		{053B8A3F-407E-44DB-84D0-BDFA1FE6A738} = {C7879C58-F68D-4E97-9D3D-026D5EEBDDFB}
		{D134C2BE-F2AB-4CD8-89C8-6A957F4ACC17} = {C7879C58-F68D-4E97-9D3D-026D5EEBDDFB}
		{AAF0B55B-610F-4CD2-B1A5-87065453AE69} = {C7879C58-F68D-4E97-9D3D-026D5EEBDDFB}
		{9ACD8F92-A58B-4200-BB20-29A910BC0CDF} = {C7879C58-F68D-4E97-9D3D-026D5EEBDDFB}
		{B5CD4F5B-1990-4FE4-8AB5-D79315CE70FD} = {246B5CE8-5FE3-43FD-9D2C-C4FEF828F3ED}
		{900B8E91-41D1-4D06-962F-AE81D5F54B12} = {246B5CE8-5FE3-43FD-9D2C-C4FEF828F3ED}
		{41FDA794-185B-4164-9407-EC9F5A1C64C4} = {246B5CE8-5FE3-43FD-9D2C-C4FEF828F3ED}
		{6FABA09F-3645-4A73-810B-13B6D607ECFF} = {246B5CE8-5FE3-43FD-9D2C-C4FEF828F3ED}
		{957D8BEE-8400-4643-844E-A6AA86088A45} = {246B5CE8-5FE3-43FD-9D2C-C4FEF828F3ED}
		{CE5E72DC-CB1B-4A92-8F83-90C4F70A8D11} = {246B5CE8-5FE3-43FD-9D2C-C4FEF828F3ED}
		{A4C20001-CC68-45DA-AC34-D9197B2993FE} = {DDCC5FA9-1376-448C-8A54-98949C77674E}
		{D757FE95-140D-48B3-B88B-0FD35EFFD442} = {DDCC5FA9-1376-448C-8A54-98949C77674E}
		{E12A4958-831D-4ED1-83ED-B442FAF828DF} = {DDCC5FA9-1376-448C-8A54-98949C77674E}
		{BA24C848-A9CF-473F-BBCF-93B6836C7195} = {DDCC5FA9-1376-448C-8A54-98949C77674E}
		{68656B6C-96D1-4E02-A091-D668C7E7827D} = {88EEEC71-7E47-4CE4-81C0-CF087CEA5490}
		{3AD0E325-84E7-43B9-B634-55951E536EF0} = {88EEEC71-7E47-4CE4-81C0-CF087CEA5490}
		{4B030971-C04C-4D9D-9BC5-1F6BF59E1ECC} = {88EEEC71-7E47-4CE4-81C0-CF087CEA5490}
		{5EA268C1-EF5E-4522-8CCF-652D33E2A04F} = {88EEEC71-7E47-4CE4-81C0-CF087CEA5490}
		{87FBD158-712D-4655-B014-9B8978A815C5} = {2FD70B48-0669-4D25-9F5C-AED2230CB316}
		{5CA2EC86-26C2-4813-8932-106BE2D14FB0} = {2FD70B48-0669-4D25-9F5C-AED2230CB316}
		{FF4EEDF6-BB01-454A-8613-8587C6050E25} = {2FD70B48-0669-4D25-9F5C-AED2230CB316}
	EndGlobalSection
EndGlobal
